{
  "version": 4,
  "terraform_version": "1.9.8",
  "serial": 405,
  "lineage": "5a31b359-486a-ad07-149c-fb7c8f05a913",
  "outputs": {
    "acr_login_server": {
      "value": "starterkitacr.azurecr.io",
      "type": "string"
    },
    "acr_name": {
      "value": "starterkitacr",
      "type": "string"
    },
    "aks_name": {
      "value": "sk-dev-aks",
      "type": "string"
    },
    "docker_vm_ip": {
      "value": "20.123.32.80",
      "type": "string"
    },
    "kv_name": {
      "value": "skdevkv",
      "type": "string"
    },
    "kv_uri": {
      "value": "https://skdevkv.vault.azure.net/",
      "type": "string"
    }
  },
  "resources": [
    {
      "mode": "managed",
      "type": "azurerm_role_assignment",
      "name": "aks_acr_pull",
      "provider": "provider[\"registry.terraform.io/hashicorp/azurerm\"]",
      "instances": [
        {
          "schema_version": 0,
          "attributes": {
            "condition": "",
            "condition_version": "",
            "delegated_managed_identity_resource_id": "",
            "description": "",
            "id": "/subscriptions/6fb1fdac-61ae-423c-bbd9-e4a355f030ec/resourceGroups/sk-dev-rg/providers/Microsoft.ContainerRegistry/registries/starterkitacr/providers/Microsoft.Authorization/roleAssignments/ec967def-cf05-f881-bf89-319b4c7dc358",
            "name": "ec967def-cf05-f881-bf89-319b4c7dc358",
            "principal_id": "3e0751a0-61d8-49fc-b136-3be0adbaa0c1",
            "principal_type": "ServicePrincipal",
            "role_definition_id": "/subscriptions/6fb1fdac-61ae-423c-bbd9-e4a355f030ec/providers/Microsoft.Authorization/roleDefinitions/7f951dda-4ed3-4680-a7ca-43fe172d538d",
            "role_definition_name": "AcrPull",
            "scope": "/subscriptions/6fb1fdac-61ae-423c-bbd9-e4a355f030ec/resourceGroups/sk-dev-rg/providers/Microsoft.ContainerRegistry/registries/starterkitacr",
            "skip_service_principal_aad_check": null,
            "timeouts": null
          },
          "sensitive_attributes": [],
          "private": "eyJlMmJmYjczMC1lY2FhLTExZTYtOGY4OC0zNDM2M2JjN2M0YzAiOnsiY3JlYXRlIjoxODAwMDAwMDAwMDAwLCJkZWxldGUiOjE4MDAwMDAwMDAwMDAsInJlYWQiOjMwMDAwMDAwMDAwMH19",
          "dependencies": [
            "module.acr.azurerm_container_registry.acr",
            "module.aks.azurerm_kubernetes_cluster.aks",
            "module.rg.azurerm_resource_group.rg"
          ]
        }
      ]
    },
    {
      "module": "module.acr",
      "mode": "managed",
      "type": "azurerm_container_registry",
      "name": "acr",
      "provider": "provider[\"registry.terraform.io/hashicorp/azurerm\"]",
      "instances": [
        {
          "schema_version": 2,
          "attributes": {
            "admin_enabled": false,
            "admin_password": "",
            "admin_username": "",
            "anonymous_pull_enabled": false,
            "data_endpoint_enabled": false,
            "data_endpoint_host_names": [],
            "encryption": [],
            "export_policy_enabled": true,
            "georeplications": [],
            "id": "/subscriptions/6fb1fdac-61ae-423c-bbd9-e4a355f030ec/resourceGroups/sk-dev-rg/providers/Microsoft.ContainerRegistry/registries/starterkitacr",
            "identity": [],
            "location": "northeurope",
            "login_server": "starterkitacr.azurecr.io",
            "name": "starterkitacr",
            "network_rule_bypass_option": "AzureServices",
            "network_rule_set": [],
            "public_network_access_enabled": true,
            "quarantine_policy_enabled": false,
            "resource_group_name": "sk-dev-rg",
            "retention_policy_in_days": 0,
            "sku": "Basic",
            "tags": {},
            "timeouts": null,
            "trust_policy_enabled": false,
            "zone_redundancy_enabled": false
          },
          "sensitive_attributes": [
            [
              {
                "type": "get_attr",
                "value": "admin_password"
              }
            ]
          ],
          "private": "eyJlMmJmYjczMC1lY2FhLTExZTYtOGY4OC0zNDM2M2JjN2M0YzAiOnsiY3JlYXRlIjoxODAwMDAwMDAwMDAwLCJkZWxldGUiOjE4MDAwMDAwMDAwMDAsInJlYWQiOjMwMDAwMDAwMDAwMCwidXBkYXRlIjoxODAwMDAwMDAwMDAwfSwic2NoZW1hX3ZlcnNpb24iOiIyIn0=",
          "dependencies": [
            "module.rg.azurerm_resource_group.rg"
          ]
        }
      ]
    },
    {
      "module": "module.aks",
      "mode": "managed",
      "type": "azurerm_kubernetes_cluster",
      "name": "aks",
      "provider": "provider[\"registry.terraform.io/hashicorp/azurerm\"]",
      "instances": [
        {
          "schema_version": 2,
          "attributes": {
            "aci_connector_linux": [],
            "ai_toolchain_operator_enabled": false,
            "api_server_access_profile": [],
            "auto_scaler_profile": [],
            "automatic_upgrade_channel": "",
            "azure_active_directory_role_based_access_control": [],
            "azure_policy_enabled": false,
            "bootstrap_profile": [
              {
                "artifact_source": "Direct",
                "container_registry_id": ""
              }
            ],
            "confidential_computing": [],
            "cost_analysis_enabled": false,
            "current_kubernetes_version": "1.33.7",
            "custom_ca_trust_certificates_base64": [],
            "default_node_pool": [
              {
                "auto_scaling_enabled": false,
                "capacity_reservation_group_id": "",
                "fips_enabled": false,
                "gpu_driver": "",
                "gpu_instance": "",
                "host_encryption_enabled": false,
                "host_group_id": "",
                "kubelet_config": [],
                "kubelet_disk_type": "OS",
                "linux_os_config": [],
                "max_count": 0,
                "max_pods": 250,
                "min_count": 0,
                "name": "nodepool1",
                "node_count": 1,
                "node_labels": {},
                "node_network_profile": [],
                "node_public_ip_enabled": false,
                "node_public_ip_prefix_id": "",
                "only_critical_addons_enabled": false,
                "orchestrator_version": "1.33",
                "os_disk_size_gb": 128,
                "os_disk_type": "Managed",
                "os_sku": "Ubuntu",
                "pod_subnet_id": "",
                "proximity_placement_group_id": "",
                "scale_down_mode": "Delete",
                "snapshot_id": "",
                "tags": {},
                "temporary_name_for_rotation": "",
                "type": "VirtualMachineScaleSets",
                "ultra_ssd_enabled": false,
                "upgrade_settings": [
                  {
                    "drain_timeout_in_minutes": 0,
                    "max_surge": "10%",
                    "node_soak_duration_in_minutes": 0,
                    "undrainable_node_behavior": ""
                  }
                ],
                "vm_size": "Standard_DS2_v2",
                "vnet_subnet_id": "",
                "workload_runtime": "",
                "zones": []
              }
            ],
            "disk_encryption_set_id": "",
            "dns_prefix": "sk-dev-dns",
            "dns_prefix_private_cluster": "",
            "edge_zone": "",
            "fqdn": "sk-dev-dns-qbsmifo7.hcp.northeurope.azmk8s.io",
            "http_application_routing_enabled": false,
            "http_application_routing_zone_name": "",
            "http_proxy_config": [],
            "id": "/subscriptions/6fb1fdac-61ae-423c-bbd9-e4a355f030ec/resourceGroups/sk-dev-rg/providers/Microsoft.ContainerService/managedClusters/sk-dev-aks",
            "identity": [
              {
                "identity_ids": [],
                "principal_id": "83120cf4-13fb-486d-b98c-923095399ce3",
                "tenant_id": "ec7789f0-7ef2-4ff6-89b1-a74d3fc8f81c",
                "type": "SystemAssigned"
              }
            ],
            "image_cleaner_enabled": null,
            "image_cleaner_interval_hours": null,
            "ingress_application_gateway": [],
            "key_management_service": [],
            "key_vault_secrets_provider": [],
            "kube_admin_config": [],
            "kube_admin_config_raw": "",
            "kube_config": [
              {
                "client_certificate": "LS0tLS1CRUdJTiBDRVJUSUZJQ0FURS0tLS0tCk1JSUZIVENDQXdXZ0F3SUJBZ0lRQTlORVRkdU9zbFNXbURVMFF4b2NCREFOQmdrcWhraUc5dzBCQVFzRkFEQU4KTVFzd0NRWURWUVFERXdKallUQWVGdzB5TmpBek1UZ3hNekF3TWpkYUZ3MHlPREF6TVRneE16RXdNamRhTURBeApGekFWQmdOVkJBb1REbk41YzNSbGJUcHRZWE4wWlhKek1SVXdFd1lEVlFRREV3eHRZWE4wWlhKamJHbGxiblF3CmdnSWlNQTBHQ1NxR1NJYjNEUUVCQVFVQUE0SUNEd0F3Z2dJS0FvSUNBUUN3QzlnMFNOOFcyRkF1R2xHY09Fbk8KMG95d2JzVXF3dFBvdzRzNWh1UjVqRDV5QWVVUTcxZUxKR2V3em5OaVcwdkM0SkZDQlNiVjhTQkVWay9SK1hSWQpDa1hNQUJoTmNPbnQ2ZDNiVnE3OWVETWJWYXZSb1JqbmpHTWxMams0bnIyQkVYS2NoT0lYRmJwUjY1emJDU2JEClFpT2pyMTNFaTlCaHVxZGJnOU9ucitCTG9oZE9aMlBGc3VDMzRoYzhUUitwOCt6YWRUZUxnWVZCdFdWRlRHWE4Kd2VTUmxQWGsvejVYR1JDbUtWZ2Jad3Nmb0xNRkFwZURHckhZSzYvRU9MYkFYT1JEOG1kcE9ZUFByUEZOcnZ0ZApSWkY1aklHSzRaMEMyOHlvNWFXU1VpeDQzWnpjcE1vdE9lTThPdy9QcHJJOWZBOFVIQW80VkRnN3NxK2lmdWxJCnU1UGNzTzJySjBPYzlaTURRcU9sTEhjTzhQWEdDY0g0NExmQ1h0VTMxR2lvS3ZYVm41b3FSZVh4TkRqZjh1djUKejV4WjMrNVcrKzFvRFZ3clFwWjdUdnY3UzlVUkl2VSt4aHhPazd2SzlHejlyY2syREl1Um1CcTFlcHc4OGlqZApUbU9GcHhVUDg0Rm5SNCtHN1gyWEwzb2duNm9weHNZZVQyVFVidjc4OGladW9RTklWSWhKU2hZeDMybm05RnB0CnB3TXR2V1VJcHVzWlhWRUpxWURnYjl1cnJ0Y1RLVlU4eTJMQ1E3WFVZK004aUZwRmcwc2lSYzdVL2NKWWVzNlYKM1Q1RG55aThiT2R0cUpEd0FaeTNJZGR6QkNYNXZxQlFDK01VOFFqUmU1bGNIMTA4Ym9Ud3FZUmdBS1M3SU1DRgpSbHJYb2x2aU9Wakl3UDhsY2hyTWd3SURBUUFCbzFZd1ZEQU9CZ05WSFE4QkFmOEVCQU1DQmFBd0V3WURWUjBsCkJBd3dDZ1lJS3dZQkJRVUhBd0l3REFZRFZSMFRBUUgvQkFJd0FEQWZCZ05WSFNNRUdEQVdnQlFLQXVhZmhaNXQKaFIxZUhNNElyWDNGaXc0aVF6QU5CZ2txaGtpRzl3MEJBUXNGQUFPQ0FnRUFyYXZHaFYyNUx5Qkd0bXVMZ3RuegpKSHpUTkFzdWxKRzFOYkN5QmJ5dnJqb1hEbVN0bzl2RnRCZ0RXc2hsUi9qaFpURDVMaC91dEtmWXVXSnNFekdKCnEyS2xVenYzNHAyVDBVc0lNZUl3SmNaNmlocU9yMGQyZnNHempONXNITTQ4SjZzNkJGTUo1V21CSS8xMC9xcloKTkFuaU96R2pNNS9PUmJtOVpFRGlhcFM2b2MwTkl2QmFaUFVYYWk3OVY1WlJFS29Rcm5RSHNMVlMrU3czUWpWUQpGRlFGM0tuRUVhaUczcEFiUDk2czBKeEEzQm9jYjRidkV6VmxKUmpEb3ZOSDZ6NGdPSlhmYU8xRlJ5L2NtUU1FCk9xY2pYdHBmSjlqM3JVUEpwTDdsWlE2OFQ0OXI0dm5KTVZxY3psT0JZRjdRTEN1UERYcSttWVd4SHAvK2xXQjMKS3Vsb2lwekRqcUJuUC9PWG1meWtpTHlkb2xVTVBJcW1reXoyWjB2Rm1RbkpPdFhqbVEzRTNqYjJrci9mSDljQgpKOVZPejIyYlh1TkZKektRVFFxYUxaVEZ2cDBsL1ZVcFF6ZWhYWitGKzN6Um5RS1pHM3ZxZVYrLzBJMWtXdnJjClhYMHdhUVRIZ1phZk1BOCtONXRrSjRMY2FLUFFPMU5TQ1MvU1RZcU5hdEdFM3g0ZFpiVG5oaUNHanhLb2xXMHYKZ0oyOXBrdXBvUElDWkc0ZjQwSTlyT1JOM29NQmxaV2VCNzVYem5jUDQ0TlBIblNMUFoydjZIRWtCd1ZSbmtvQgpGTDRSOVMyQlp3QlV3SEJYUUNHNzdWU1MvTU1pa1ZYZjVlZUtiWmoyQ3ZXbG14MCtFaFYzZzNzVTFhTHZhZ3VECnIyeEQrVGlHYy9sSm50VVYxVzY0RWVJPQotLS0tLUVORCBDRVJUSUZJQ0FURS0tLS0tCg==",
                "client_key": "LS0tLS1CRUdJTiBSU0EgUFJJVkFURSBLRVktLS0tLQpNSUlKS1FJQkFBS0NBZ0VBc0F2WU5FamZGdGhRTGhwUm5EaEp6dEtNc0c3RktzTFQ2TU9MT1lia2VZdytjZ0hsCkVPOVhpeVJuc001ellsdEx3dUNSUWdVbTFmRWdSRlpQMGZsMFdBcEZ6QUFZVFhEcDdlbmQyMWF1L1hnekcxV3IKMGFFWTU0eGpKUzQ1T0o2OWdSRnluSVRpRnhXNlVldWMyd2ttdzBJam82OWR4SXZRWWJxblc0UFRwNi9nUzZJWApUbWRqeGJMZ3QrSVhQRTBmcWZQczJuVTNpNEdGUWJWbFJVeGx6Y0hra1pUMTVQOCtWeGtRcGlsWUcyY0xINkN6CkJRS1hneHF4MkN1dnhEaTJ3RnprUS9KbmFUbUR6Nnp4VGE3N1hVV1JlWXlCaXVHZEF0dk1xT1dsa2xJc2VOMmMKM0tUS0xUbmpQRHNQejZheVBYd1BGQndLT0ZRNE83S3ZvbjdwU0x1VDNMRHRxeWREblBXVEEwS2pwU3gzRHZEMQp4Z25CK09DM3dsN1ZOOVJvcUNyMTFaK2FLa1hsOFRRNDMvTHIrYytjV2QvdVZ2dnRhQTFjSzBLV2UwNzcrMHZWCkVTTDFQc1ljVHBPN3l2UnMvYTNKTmd5TGtaZ2F0WHFjUFBJbzNVNWpoYWNWRC9PQlowZVBodTE5bHk5NklKK3EKS2NiR0hrOWsxRzcrL1BJbWJxRURTRlNJU1VvV01kOXA1dlJhYmFjRExiMWxDS2JyR1YxUkNhbUE0Ry9icTY3WApFeWxWUE10aXdrTzExR1BqUEloYVJZTkxJa1hPMVAzQ1dIck9sZDArUTU4b3ZHem5iYWlROEFHY3R5SFhjd1FsCitiNmdVQXZqRlBFSTBYdVpYQjlkUEc2RThLbUVZQUNrdXlEQWhVWmExNkpiNGpsWXlNRC9KWElheklNQ0F3RUEKQVFLQ0FnQWFsSDg5VGE5WlBLbkdmRFRNT0hkMFliZmFQNjlIU0lsRVFKbjV3cE1tZ3ZVK3MyaUppUW1YdVpScQpUcEYvVFRlQUlmWHNtT2lITHRQblhYekp3RGMvdjdWUUdzZVFrYmJRTkJwS0xxbFhIZG5oaTZyWWlORkF6S0ovCmo1NFdIV21SWGpnR3g4MTNITkczNHJJWkpDV1ZINXhQNzM5aDJKWksyeXEvbDRUU2NheVUzdEZVQmlvN1JFbkgKbWJ4V1gzS2piMi9ZZ0JBMTRRVmtxV1d6ODlmL0hBSk50TWIzbjA0alNtYUlILy9zaXo5VHRDaXpYZlBRV0t4MwpiZ2tvd0VOZmdlYjVGMVZqdnNwWEJjNmRJd2xTeU5reEYvVExLa3RSaml3MWFBNzZxNnVKU0RTUjM5T2l4blczCnQxY296QXRuV3g3UHMzZ2JqeU82WjcwNjlKeDJIYkVYckV1TWJnMHQxRnZWRy9yRGJ3dmJxYVVPdlFMa2Q2ZEsKMFQ3a1FDc2ZabjE5UFk0Wk9XVWJNZld0dFVrczEwOGtyWDZDM2MvQWxYM1ZZOWZrczZ3MklKVkEwMC85djJCTgp5d1YwZmIxZmU0SmZ0Z3EvK1JwNXBEcDNiWkZhWVB5SVNBY2RtNjJWSzBkUzBXbVd3TDNyR2E5RXhpUDNUKzRvClo3QS9jL2VxcWJQRnNZMTNFV1BqNnE2cEJTckJrRVFBcGdia1gxQ0s2aU5YQ3gvaXhZVDh5bFlBT1orYWZmR0YKeE0wWmt2bEV6aTk0Nkc2R0EzK0FGcUxSaUVEZkl6M1NXeWk3dkVBVUM2UURxS1RRUXRmS1ZYZTQ0bU5vdXBKdgpLQ3FZQjhHMEtGbm9ERHJPZmJNZFZUMm13Zm5NTXVZZFNqRXE3WXpCdk12a3UrMXdjUUtDQVFFQTJ3Q01JZnpDCmlWWnB5MW50OURjcXhHOGJzRXVyeEpkdFFtQSt0d2JUYnNSL3l5M2ZtTWVEbkY3MjhaLzFudXo1Z2ZvWHZrUncKdDluSVZMWU94V0hWa3JwZVdCUFMwekQwZW9TQVQyR1AyU3g5R2Zua0thRVN5R0UyRnhYbDU4S1diMmtOZzVjdgpZTDdqNFJBSGY5Q2orS09FSEF1UWpCajh4M3M5L3Q2RlpPTEYwcmV4VGVoVjQ4T1VTcVF5aHhpd2UyNzg2MFhMCndINWxrR1VUc2Z1Zm4rLzZvaE05eVVEVGh0MGs0bEh1U2F5dlpTaWYwRVVSN29nTTlmTktORFdyT0ZVakg1T00KUnhLTlJxUUdpdm9CR01GdlJIc2VQYkVjQWxlREhEYlQ2NTZXSnBPQlNXNHA1d2g3dEdTRjFweUlKMXd3dXd1bAozYmRtZ2ZsOFc4TFhDd0tDQVFFQXpjbUlRQUE3VnNPR0VkV3l0dDd6RTZGVEsvTFJZMUR6MEw3OUcrWmN3MnFVCkhSemFWOFE0YVF2cXJ3ZFlHanBMdE9OVGJGTUovSC9wbEJ0MzJhbmlOV3BkdWllYlloYXdtN0MzTzVuM0l2Y1oKUDhHdUI4d0xSYjFPcmh3bFVIM1NTTmoxWlFwS3lDRExKV1JvVzVTdG5HU2YvY0FEU3RwUktjNGFjR3VlMkdSNQpaa0VNeVFVeVJZUy9NeERsUUVXVExoTGk2NlN6RFBNZ0lpTG9VZ3daVWxIdHFLV25FeVJSdkhabzRPT2VFdVUrCkQ5eFI5SXVncmFZTkxwRWordkFyNmxucGNhbFlSbTlGVjBwbmhOcFB6TE5DQ255ZG5hVHkxMW1YdHV0SnNaRmYKMnVEMEZibVlERnVUeHEwR1BSemVtYklsQlJzUkFSMFlOb3UyczAxcmFRS0NBUUVBdkhJdkl2dkZSYm9tMU1WdwpYVW12TWxKTktCa2xGOGdaU3hsWVBkUFEwYXFpTUdvcjBlSTBITFVXbHZuR3Q5ZEFKNWpWSDNMeTd6Q21Fa2FLClZVd0hJL2ZjUUx2bUdMWXlXTTUxUGxrOEYyc1J4dTFoYUhUaW5hd1FpRExlbnR1dzZQTWpuc3pVQnRLYmNjbUMKT25pRTcrbDhQMG13T3UweGJsRmRHbGZOdnU3bnZKYzJLVXkzdzRKQ3N5dXhFdENxNDd1d1JKN05ZYmtobWV0dgoxQ0lweTgwTEJMVzczOVk1YmY0U3cvQXVOQlUwNDczZUxxK1FhNG1FWllyUW1qWm9POVArb2lncmQraTl5a0JRCkpQeFZQMEVMaG9qT2o5VTd2Y1FoM0lCTlFKMDRwTDhlYTlvd2trMlpiTE5tK3pHOGN1b0FRS01ZT2IyYnBsSFEKc1lEcDJ3S0NBUUVBdzQwQUdYbGU2ZnNRK3Yrc1BSU3R2bml0OVhSZnYxWGM2ditpdkJGekV3dkRSY3IyUFRLcwpQRDVqdkFGcG1qck5XRTR4SngzZHZvQzZzTkJOV3B5UjVocDJpSUE4cXNCUEFST3plMEs2MHhJbWZ5eUlPTWFQCjY2eVNDT2VjR2RvR3Fzem9uQ1JrbmJwejhNdHlVNXg4UWNKcE9wTnRUWU1hWDNTSU1VNURldlEzWEpEeUdsQUMKem9idnZoSVBGNzFGdUNHZ1d6WitJdzhoK081ZEFDS1pLVjNMVGxoajVNKzlrQzZoU1J0alNpZG5pMkRjekZxbQp6SHlmeUNHS0pGcDRFTkZ5QVYxZ0VrYUlpUU9lVFdPN014VWc2NkF4a3UxOUNtRUx4M25jNUl6MW5xUG5yb0ZYCjJGNXBsZ0V6algxU2xwRHZsdU42akNsZXFlNm9KY2lyQ1FLQ0FRQVFrRWVnWnhvTGdGWklxcGR5WHZrc0FCRFAKQVpwdWQvdWpwZEJkaVBERzFGUW0vY2VaL2VmeGlaRlhKRUlySURLN2tkT1VlZ1NMRmF5UHhpalVFRHc2V0wyLwpETlRwSmR2Zk82ZjRQTllqbHNIdDNaVDFleWViOVJqWnFrcklmQXhla29DemhadFdFN0h2Zmd6bDQ3Tmh6bHNrClhrWGRJNnRIZ2tOZDJHdTlvODdPellyK1Y3WWNBbDU2ODl4UGphTS83c1QvUHcrTHpFNG9NTWk3aSt0b2tTc24KekhkNDM1dHp6aGFlQUdNa1FFSDl5YzVSc1NuMmFuS1FyQ2QzelBMajJNSVlGa2ZTVndsZUh1OGZUUHJPcHNJWgpjWGRSZTJac0lrTlpqYUNFZ1JvV0ZybktDR1RkUWhKRjVZSW5aaXV5MDBPQmNMU1Nwc2wyODdvalEwUmMKLS0tLS1FTkQgUlNBIFBSSVZBVEUgS0VZLS0tLS0K",
                "cluster_ca_certificate": "LS0tLS1CRUdJTiBDRVJUSUZJQ0FURS0tLS0tCk1JSUU2RENDQXRDZ0F3SUJBZ0lRVVhkUC9OUjdlam1WWUxFekZxSmFCREFOQmdrcWhraUc5dzBCQVFzRkFEQU4KTVFzd0NRWURWUVFERXdKallUQWdGdzB5TmpBek1UZ3hNekF3TWpkYUdBOHlNRFUyTURNeE9ERXpNVEF5TjFvdwpEVEVMTUFrR0ExVUVBeE1DWTJFd2dnSWlNQTBHQ1NxR1NJYjNEUUVCQVFVQUE0SUNEd0F3Z2dJS0FvSUNBUURNCkVUaDBkbkgrcGtZWlY1ZG4wVURBZDE0ZjMwTUVybURWejFtM3g1eWRySE5DTmxSc1ZZUXBEU3FyNEMvUE1pVjMKa0ZOK3BDSmEwaUlBUllMeDRCNzBsc1N3TnV0MmEyVGdVZUFmUlFTZVM1Mkp3SHVtdjFxRDFnVVFQNDl2T3FORQowL0FJOTllS2QvWEYrUnkvZGtlOVEzVDVkVE00dkFlaHM3WnZTK3FwVUVWRDRWSjJlNVZJWEYvcy8vdDV5ZVliCjVjU1NZUWZENzBPWFNHR0ErNmNyRThKUFVnUTFnZllmZ01ZVGNNUTRoVXV0eXpOQmI2MXh3WW91SUpRZEZGK1QKbWYzNTFjOXRCTGYzV3pDYlFIUEVPOFhZUU9ub2hobXVDeElqUm1nL2hWV0J1cWVhTzJZc3hEVHRPUjJtYWxKeApXSi9GTER1eFY3UlVqZ0NRU2NwRE15SnlLcDFsTEpJMkREUGdQZUtPeEM4UVRnVFE4Wk4xZk1nQXNxY3VhcTF6CnV1WkFjWnpWZVhHYnQ4S2hrTnVWbFJUZ01UVEw3K1p2bmdBbitVdW9ROVo2dnB2TlliZmJ4Z0hDYlhuYkhXbFAKcVV3aGw2dzBMMlJCSTdyY3hlbERPYWtiTmd1eWlpMU1SLzRYbmNpME14NkdSUG5JRzZWd1VJWXlTamxlWU1xbwpLZU1MUEg4cEJIaWUyZ3VHaUdUL050U1ZHZ0xVZ3M5OFp3eTBQNXZyTzJXV09BUkZTcTRwMTAzZGM1TVU1L2RSCm4zZzVqay85YStYT01aRk9COXNURVZZUE1ld2I1bEVZMXF6c1FHZHExU0c2K0xlU2s0VkJ5dm9VMGc3MVdjWS8Kd0RWZG1YVk9mOGZCL1lSTmJwdnk5d0YyUUtuVnk0TWpXWER4QXdRQWFRSURBUUFCbzBJd1FEQU9CZ05WSFE4QgpBZjhFQkFNQ0FxUXdEd1lEVlIwVEFRSC9CQVV3QXdFQi96QWRCZ05WSFE0RUZnUVVDZ0xtbjRXZWJZVWRYaHpPCkNLMTl4WXNPSWtNd0RRWUpLb1pJaHZjTkFRRUxCUUFEZ2dJQkFHYXoxcFhGNStFQXhxOXIyYldmcitidVZQNTUKaE1OclJKeVRHMDBqQ1crOXJTcjk1ZnlhNGh5U0Q4aERaenFBK05zK01DdWNaVjlYM0VHTzNDZkxjN2srbGhrTQovS2xxeUt6ZUZNdVpyYVNVTlZvUllLUHllTEFiWS83dEZpaU5TUGlDVVVybklBN0h5R1BBQkxBazV0WWZKNHBxCmhZR2Q0RzJUZjc5ekpHZWlvVVhPdThadmpyZ3NVUmR0MnhFa0szejdxK0xxRUk5a0Rzby94WWZDOVZkaHQwcHMKZEpJOU1GVGduR2RIemlsRnBrWm9MWllIWjg1Mmg4NUU1Qjdxd25yVFBWVzVuQmQrNU1WYmQ0Y2hEdFRIK3Bjcgovd3ppQUZuR2x1SXVRZG5GZDZZeXBocFFUa29aR012bmJIZVhENzRiRHloVWxlYWZETDM0RG1jQlB0UERHZW1JCnlKQlBuOHdtbTZpT0hiSUxXVk1TNmtiU3phZWU1RFR3RytmOWlBbDl6MmVrMGZuVDNBNmlqOXVqTXZkRUdKRXoKb3dFbkdueUh6VG1MOEFRdmZXcWNNbUNIcElFWkpjSDBjWEFsU3BSYjB4Ry9nVVdYREFjUm1ZdUV5cG9oc1I1OAp4T1h3aW05YWI5Z3ZXcnkxcEx5VmRnWGFrL3YxeHh5L2hMV3hJcVBTS3hSWkl6NVg5TUw1NjVaU05sbFp2ZmJqCjZvcEQ4TDAvOEI0cjZFVFlLajNreHhBalhjekV3QzNSSTdHVG5VNFNKc2tkcE5GQ2k3ZUwrK1ZuZnlKZ2ZZc24KU3Z1dTJYSTMzeDVqVVhrczhmODdNQ1FiUkpzWWppaHdmcE80Ynd6ODYyOWttb0xROHExL3ZOanVwYlZxQTNNbwovdmszRU9wdi9HWTFyYXpICi0tLS0tRU5EIENFUlRJRklDQVRFLS0tLS0K",
                "host": "https://sk-dev-dns-qbsmifo7.hcp.northeurope.azmk8s.io:443",
                "password": "cq6fu8ch7eqs1zr5r24vl14cb8jzx4cxptm0zql2g9qelwtkggvc94pi3m208x1km0tc1zls5ihll2u7z7912xsg6izzanmkflpgilp6io6zu2sknmtcs30z3mrjnwg7",
                "username": "clusterUser_sk-dev-rg_sk-dev-aks"
              }
            ],
            "kube_config_raw": "apiVersion: v1\nclusters:\n- cluster:\n    certificate-authority-data: LS0tLS1CRUdJTiBDRVJUSUZJQ0FURS0tLS0tCk1JSUU2RENDQXRDZ0F3SUJBZ0lRVVhkUC9OUjdlam1WWUxFekZxSmFCREFOQmdrcWhraUc5dzBCQVFzRkFEQU4KTVFzd0NRWURWUVFERXdKallUQWdGdzB5TmpBek1UZ3hNekF3TWpkYUdBOHlNRFUyTURNeE9ERXpNVEF5TjFvdwpEVEVMTUFrR0ExVUVBeE1DWTJFd2dnSWlNQTBHQ1NxR1NJYjNEUUVCQVFVQUE0SUNEd0F3Z2dJS0FvSUNBUURNCkVUaDBkbkgrcGtZWlY1ZG4wVURBZDE0ZjMwTUVybURWejFtM3g1eWRySE5DTmxSc1ZZUXBEU3FyNEMvUE1pVjMKa0ZOK3BDSmEwaUlBUllMeDRCNzBsc1N3TnV0MmEyVGdVZUFmUlFTZVM1Mkp3SHVtdjFxRDFnVVFQNDl2T3FORQowL0FJOTllS2QvWEYrUnkvZGtlOVEzVDVkVE00dkFlaHM3WnZTK3FwVUVWRDRWSjJlNVZJWEYvcy8vdDV5ZVliCjVjU1NZUWZENzBPWFNHR0ErNmNyRThKUFVnUTFnZllmZ01ZVGNNUTRoVXV0eXpOQmI2MXh3WW91SUpRZEZGK1QKbWYzNTFjOXRCTGYzV3pDYlFIUEVPOFhZUU9ub2hobXVDeElqUm1nL2hWV0J1cWVhTzJZc3hEVHRPUjJtYWxKeApXSi9GTER1eFY3UlVqZ0NRU2NwRE15SnlLcDFsTEpJMkREUGdQZUtPeEM4UVRnVFE4Wk4xZk1nQXNxY3VhcTF6CnV1WkFjWnpWZVhHYnQ4S2hrTnVWbFJUZ01UVEw3K1p2bmdBbitVdW9ROVo2dnB2TlliZmJ4Z0hDYlhuYkhXbFAKcVV3aGw2dzBMMlJCSTdyY3hlbERPYWtiTmd1eWlpMU1SLzRYbmNpME14NkdSUG5JRzZWd1VJWXlTamxlWU1xbwpLZU1MUEg4cEJIaWUyZ3VHaUdUL050U1ZHZ0xVZ3M5OFp3eTBQNXZyTzJXV09BUkZTcTRwMTAzZGM1TVU1L2RSCm4zZzVqay85YStYT01aRk9COXNURVZZUE1ld2I1bEVZMXF6c1FHZHExU0c2K0xlU2s0VkJ5dm9VMGc3MVdjWS8Kd0RWZG1YVk9mOGZCL1lSTmJwdnk5d0YyUUtuVnk0TWpXWER4QXdRQWFRSURBUUFCbzBJd1FEQU9CZ05WSFE4QgpBZjhFQkFNQ0FxUXdEd1lEVlIwVEFRSC9CQVV3QXdFQi96QWRCZ05WSFE0RUZnUVVDZ0xtbjRXZWJZVWRYaHpPCkNLMTl4WXNPSWtNd0RRWUpLb1pJaHZjTkFRRUxCUUFEZ2dJQkFHYXoxcFhGNStFQXhxOXIyYldmcitidVZQNTUKaE1OclJKeVRHMDBqQ1crOXJTcjk1ZnlhNGh5U0Q4aERaenFBK05zK01DdWNaVjlYM0VHTzNDZkxjN2srbGhrTQovS2xxeUt6ZUZNdVpyYVNVTlZvUllLUHllTEFiWS83dEZpaU5TUGlDVVVybklBN0h5R1BBQkxBazV0WWZKNHBxCmhZR2Q0RzJUZjc5ekpHZWlvVVhPdThadmpyZ3NVUmR0MnhFa0szejdxK0xxRUk5a0Rzby94WWZDOVZkaHQwcHMKZEpJOU1GVGduR2RIemlsRnBrWm9MWllIWjg1Mmg4NUU1Qjdxd25yVFBWVzVuQmQrNU1WYmQ0Y2hEdFRIK3Bjcgovd3ppQUZuR2x1SXVRZG5GZDZZeXBocFFUa29aR012bmJIZVhENzRiRHloVWxlYWZETDM0RG1jQlB0UERHZW1JCnlKQlBuOHdtbTZpT0hiSUxXVk1TNmtiU3phZWU1RFR3RytmOWlBbDl6MmVrMGZuVDNBNmlqOXVqTXZkRUdKRXoKb3dFbkdueUh6VG1MOEFRdmZXcWNNbUNIcElFWkpjSDBjWEFsU3BSYjB4Ry9nVVdYREFjUm1ZdUV5cG9oc1I1OAp4T1h3aW05YWI5Z3ZXcnkxcEx5VmRnWGFrL3YxeHh5L2hMV3hJcVBTS3hSWkl6NVg5TUw1NjVaU05sbFp2ZmJqCjZvcEQ4TDAvOEI0cjZFVFlLajNreHhBalhjekV3QzNSSTdHVG5VNFNKc2tkcE5GQ2k3ZUwrK1ZuZnlKZ2ZZc24KU3Z1dTJYSTMzeDVqVVhrczhmODdNQ1FiUkpzWWppaHdmcE80Ynd6ODYyOWttb0xROHExL3ZOanVwYlZxQTNNbwovdmszRU9wdi9HWTFyYXpICi0tLS0tRU5EIENFUlRJRklDQVRFLS0tLS0K\n    server: https://sk-dev-dns-qbsmifo7.hcp.northeurope.azmk8s.io:443\n  name: sk-dev-aks\ncontexts:\n- context:\n    cluster: sk-dev-aks\n    user: clusterUser_sk-dev-rg_sk-dev-aks\n  name: sk-dev-aks\ncurrent-context: sk-dev-aks\nkind: Config\nusers:\n- name: clusterUser_sk-dev-rg_sk-dev-aks\n  user:\n    client-certificate-data: LS0tLS1CRUdJTiBDRVJUSUZJQ0FURS0tLS0tCk1JSUZIVENDQXdXZ0F3SUJBZ0lRQTlORVRkdU9zbFNXbURVMFF4b2NCREFOQmdrcWhraUc5dzBCQVFzRkFEQU4KTVFzd0NRWURWUVFERXdKallUQWVGdzB5TmpBek1UZ3hNekF3TWpkYUZ3MHlPREF6TVRneE16RXdNamRhTURBeApGekFWQmdOVkJBb1REbk41YzNSbGJUcHRZWE4wWlhKek1SVXdFd1lEVlFRREV3eHRZWE4wWlhKamJHbGxiblF3CmdnSWlNQTBHQ1NxR1NJYjNEUUVCQVFVQUE0SUNEd0F3Z2dJS0FvSUNBUUN3QzlnMFNOOFcyRkF1R2xHY09Fbk8KMG95d2JzVXF3dFBvdzRzNWh1UjVqRDV5QWVVUTcxZUxKR2V3em5OaVcwdkM0SkZDQlNiVjhTQkVWay9SK1hSWQpDa1hNQUJoTmNPbnQ2ZDNiVnE3OWVETWJWYXZSb1JqbmpHTWxMams0bnIyQkVYS2NoT0lYRmJwUjY1emJDU2JEClFpT2pyMTNFaTlCaHVxZGJnOU9ucitCTG9oZE9aMlBGc3VDMzRoYzhUUitwOCt6YWRUZUxnWVZCdFdWRlRHWE4Kd2VTUmxQWGsvejVYR1JDbUtWZ2Jad3Nmb0xNRkFwZURHckhZSzYvRU9MYkFYT1JEOG1kcE9ZUFByUEZOcnZ0ZApSWkY1aklHSzRaMEMyOHlvNWFXU1VpeDQzWnpjcE1vdE9lTThPdy9QcHJJOWZBOFVIQW80VkRnN3NxK2lmdWxJCnU1UGNzTzJySjBPYzlaTURRcU9sTEhjTzhQWEdDY0g0NExmQ1h0VTMxR2lvS3ZYVm41b3FSZVh4TkRqZjh1djUKejV4WjMrNVcrKzFvRFZ3clFwWjdUdnY3UzlVUkl2VSt4aHhPazd2SzlHejlyY2syREl1Um1CcTFlcHc4OGlqZApUbU9GcHhVUDg0Rm5SNCtHN1gyWEwzb2duNm9weHNZZVQyVFVidjc4OGladW9RTklWSWhKU2hZeDMybm05RnB0CnB3TXR2V1VJcHVzWlhWRUpxWURnYjl1cnJ0Y1RLVlU4eTJMQ1E3WFVZK004aUZwRmcwc2lSYzdVL2NKWWVzNlYKM1Q1RG55aThiT2R0cUpEd0FaeTNJZGR6QkNYNXZxQlFDK01VOFFqUmU1bGNIMTA4Ym9Ud3FZUmdBS1M3SU1DRgpSbHJYb2x2aU9Wakl3UDhsY2hyTWd3SURBUUFCbzFZd1ZEQU9CZ05WSFE4QkFmOEVCQU1DQmFBd0V3WURWUjBsCkJBd3dDZ1lJS3dZQkJRVUhBd0l3REFZRFZSMFRBUUgvQkFJd0FEQWZCZ05WSFNNRUdEQVdnQlFLQXVhZmhaNXQKaFIxZUhNNElyWDNGaXc0aVF6QU5CZ2txaGtpRzl3MEJBUXNGQUFPQ0FnRUFyYXZHaFYyNUx5Qkd0bXVMZ3RuegpKSHpUTkFzdWxKRzFOYkN5QmJ5dnJqb1hEbVN0bzl2RnRCZ0RXc2hsUi9qaFpURDVMaC91dEtmWXVXSnNFekdKCnEyS2xVenYzNHAyVDBVc0lNZUl3SmNaNmlocU9yMGQyZnNHempONXNITTQ4SjZzNkJGTUo1V21CSS8xMC9xcloKTkFuaU96R2pNNS9PUmJtOVpFRGlhcFM2b2MwTkl2QmFaUFVYYWk3OVY1WlJFS29Rcm5RSHNMVlMrU3czUWpWUQpGRlFGM0tuRUVhaUczcEFiUDk2czBKeEEzQm9jYjRidkV6VmxKUmpEb3ZOSDZ6NGdPSlhmYU8xRlJ5L2NtUU1FCk9xY2pYdHBmSjlqM3JVUEpwTDdsWlE2OFQ0OXI0dm5KTVZxY3psT0JZRjdRTEN1UERYcSttWVd4SHAvK2xXQjMKS3Vsb2lwekRqcUJuUC9PWG1meWtpTHlkb2xVTVBJcW1reXoyWjB2Rm1RbkpPdFhqbVEzRTNqYjJrci9mSDljQgpKOVZPejIyYlh1TkZKektRVFFxYUxaVEZ2cDBsL1ZVcFF6ZWhYWitGKzN6Um5RS1pHM3ZxZVYrLzBJMWtXdnJjClhYMHdhUVRIZ1phZk1BOCtONXRrSjRMY2FLUFFPMU5TQ1MvU1RZcU5hdEdFM3g0ZFpiVG5oaUNHanhLb2xXMHYKZ0oyOXBrdXBvUElDWkc0ZjQwSTlyT1JOM29NQmxaV2VCNzVYem5jUDQ0TlBIblNMUFoydjZIRWtCd1ZSbmtvQgpGTDRSOVMyQlp3QlV3SEJYUUNHNzdWU1MvTU1pa1ZYZjVlZUtiWmoyQ3ZXbG14MCtFaFYzZzNzVTFhTHZhZ3VECnIyeEQrVGlHYy9sSm50VVYxVzY0RWVJPQotLS0tLUVORCBDRVJUSUZJQ0FURS0tLS0tCg==\n    client-key-data: LS0tLS1CRUdJTiBSU0EgUFJJVkFURSBLRVktLS0tLQpNSUlKS1FJQkFBS0NBZ0VBc0F2WU5FamZGdGhRTGhwUm5EaEp6dEtNc0c3RktzTFQ2TU9MT1lia2VZdytjZ0hsCkVPOVhpeVJuc001ellsdEx3dUNSUWdVbTFmRWdSRlpQMGZsMFdBcEZ6QUFZVFhEcDdlbmQyMWF1L1hnekcxV3IKMGFFWTU0eGpKUzQ1T0o2OWdSRnluSVRpRnhXNlVldWMyd2ttdzBJam82OWR4SXZRWWJxblc0UFRwNi9nUzZJWApUbWRqeGJMZ3QrSVhQRTBmcWZQczJuVTNpNEdGUWJWbFJVeGx6Y0hra1pUMTVQOCtWeGtRcGlsWUcyY0xINkN6CkJRS1hneHF4MkN1dnhEaTJ3RnprUS9KbmFUbUR6Nnp4VGE3N1hVV1JlWXlCaXVHZEF0dk1xT1dsa2xJc2VOMmMKM0tUS0xUbmpQRHNQejZheVBYd1BGQndLT0ZRNE83S3ZvbjdwU0x1VDNMRHRxeWREblBXVEEwS2pwU3gzRHZEMQp4Z25CK09DM3dsN1ZOOVJvcUNyMTFaK2FLa1hsOFRRNDMvTHIrYytjV2QvdVZ2dnRhQTFjSzBLV2UwNzcrMHZWCkVTTDFQc1ljVHBPN3l2UnMvYTNKTmd5TGtaZ2F0WHFjUFBJbzNVNWpoYWNWRC9PQlowZVBodTE5bHk5NklKK3EKS2NiR0hrOWsxRzcrL1BJbWJxRURTRlNJU1VvV01kOXA1dlJhYmFjRExiMWxDS2JyR1YxUkNhbUE0Ry9icTY3WApFeWxWUE10aXdrTzExR1BqUEloYVJZTkxJa1hPMVAzQ1dIck9sZDArUTU4b3ZHem5iYWlROEFHY3R5SFhjd1FsCitiNmdVQXZqRlBFSTBYdVpYQjlkUEc2RThLbUVZQUNrdXlEQWhVWmExNkpiNGpsWXlNRC9KWElheklNQ0F3RUEKQVFLQ0FnQWFsSDg5VGE5WlBLbkdmRFRNT0hkMFliZmFQNjlIU0lsRVFKbjV3cE1tZ3ZVK3MyaUppUW1YdVpScQpUcEYvVFRlQUlmWHNtT2lITHRQblhYekp3RGMvdjdWUUdzZVFrYmJRTkJwS0xxbFhIZG5oaTZyWWlORkF6S0ovCmo1NFdIV21SWGpnR3g4MTNITkczNHJJWkpDV1ZINXhQNzM5aDJKWksyeXEvbDRUU2NheVUzdEZVQmlvN1JFbkgKbWJ4V1gzS2piMi9ZZ0JBMTRRVmtxV1d6ODlmL0hBSk50TWIzbjA0alNtYUlILy9zaXo5VHRDaXpYZlBRV0t4MwpiZ2tvd0VOZmdlYjVGMVZqdnNwWEJjNmRJd2xTeU5reEYvVExLa3RSaml3MWFBNzZxNnVKU0RTUjM5T2l4blczCnQxY296QXRuV3g3UHMzZ2JqeU82WjcwNjlKeDJIYkVYckV1TWJnMHQxRnZWRy9yRGJ3dmJxYVVPdlFMa2Q2ZEsKMFQ3a1FDc2ZabjE5UFk0Wk9XVWJNZld0dFVrczEwOGtyWDZDM2MvQWxYM1ZZOWZrczZ3MklKVkEwMC85djJCTgp5d1YwZmIxZmU0SmZ0Z3EvK1JwNXBEcDNiWkZhWVB5SVNBY2RtNjJWSzBkUzBXbVd3TDNyR2E5RXhpUDNUKzRvClo3QS9jL2VxcWJQRnNZMTNFV1BqNnE2cEJTckJrRVFBcGdia1gxQ0s2aU5YQ3gvaXhZVDh5bFlBT1orYWZmR0YKeE0wWmt2bEV6aTk0Nkc2R0EzK0FGcUxSaUVEZkl6M1NXeWk3dkVBVUM2UURxS1RRUXRmS1ZYZTQ0bU5vdXBKdgpLQ3FZQjhHMEtGbm9ERHJPZmJNZFZUMm13Zm5NTXVZZFNqRXE3WXpCdk12a3UrMXdjUUtDQVFFQTJ3Q01JZnpDCmlWWnB5MW50OURjcXhHOGJzRXVyeEpkdFFtQSt0d2JUYnNSL3l5M2ZtTWVEbkY3MjhaLzFudXo1Z2ZvWHZrUncKdDluSVZMWU94V0hWa3JwZVdCUFMwekQwZW9TQVQyR1AyU3g5R2Zua0thRVN5R0UyRnhYbDU4S1diMmtOZzVjdgpZTDdqNFJBSGY5Q2orS09FSEF1UWpCajh4M3M5L3Q2RlpPTEYwcmV4VGVoVjQ4T1VTcVF5aHhpd2UyNzg2MFhMCndINWxrR1VUc2Z1Zm4rLzZvaE05eVVEVGh0MGs0bEh1U2F5dlpTaWYwRVVSN29nTTlmTktORFdyT0ZVakg1T00KUnhLTlJxUUdpdm9CR01GdlJIc2VQYkVjQWxlREhEYlQ2NTZXSnBPQlNXNHA1d2g3dEdTRjFweUlKMXd3dXd1bAozYmRtZ2ZsOFc4TFhDd0tDQVFFQXpjbUlRQUE3VnNPR0VkV3l0dDd6RTZGVEsvTFJZMUR6MEw3OUcrWmN3MnFVCkhSemFWOFE0YVF2cXJ3ZFlHanBMdE9OVGJGTUovSC9wbEJ0MzJhbmlOV3BkdWllYlloYXdtN0MzTzVuM0l2Y1oKUDhHdUI4d0xSYjFPcmh3bFVIM1NTTmoxWlFwS3lDRExKV1JvVzVTdG5HU2YvY0FEU3RwUktjNGFjR3VlMkdSNQpaa0VNeVFVeVJZUy9NeERsUUVXVExoTGk2NlN6RFBNZ0lpTG9VZ3daVWxIdHFLV25FeVJSdkhabzRPT2VFdVUrCkQ5eFI5SXVncmFZTkxwRWordkFyNmxucGNhbFlSbTlGVjBwbmhOcFB6TE5DQ255ZG5hVHkxMW1YdHV0SnNaRmYKMnVEMEZibVlERnVUeHEwR1BSemVtYklsQlJzUkFSMFlOb3UyczAxcmFRS0NBUUVBdkhJdkl2dkZSYm9tMU1WdwpYVW12TWxKTktCa2xGOGdaU3hsWVBkUFEwYXFpTUdvcjBlSTBITFVXbHZuR3Q5ZEFKNWpWSDNMeTd6Q21Fa2FLClZVd0hJL2ZjUUx2bUdMWXlXTTUxUGxrOEYyc1J4dTFoYUhUaW5hd1FpRExlbnR1dzZQTWpuc3pVQnRLYmNjbUMKT25pRTcrbDhQMG13T3UweGJsRmRHbGZOdnU3bnZKYzJLVXkzdzRKQ3N5dXhFdENxNDd1d1JKN05ZYmtobWV0dgoxQ0lweTgwTEJMVzczOVk1YmY0U3cvQXVOQlUwNDczZUxxK1FhNG1FWllyUW1qWm9POVArb2lncmQraTl5a0JRCkpQeFZQMEVMaG9qT2o5VTd2Y1FoM0lCTlFKMDRwTDhlYTlvd2trMlpiTE5tK3pHOGN1b0FRS01ZT2IyYnBsSFEKc1lEcDJ3S0NBUUVBdzQwQUdYbGU2ZnNRK3Yrc1BSU3R2bml0OVhSZnYxWGM2ditpdkJGekV3dkRSY3IyUFRLcwpQRDVqdkFGcG1qck5XRTR4SngzZHZvQzZzTkJOV3B5UjVocDJpSUE4cXNCUEFST3plMEs2MHhJbWZ5eUlPTWFQCjY2eVNDT2VjR2RvR3Fzem9uQ1JrbmJwejhNdHlVNXg4UWNKcE9wTnRUWU1hWDNTSU1VNURldlEzWEpEeUdsQUMKem9idnZoSVBGNzFGdUNHZ1d6WitJdzhoK081ZEFDS1pLVjNMVGxoajVNKzlrQzZoU1J0alNpZG5pMkRjekZxbQp6SHlmeUNHS0pGcDRFTkZ5QVYxZ0VrYUlpUU9lVFdPN014VWc2NkF4a3UxOUNtRUx4M25jNUl6MW5xUG5yb0ZYCjJGNXBsZ0V6algxU2xwRHZsdU42akNsZXFlNm9KY2lyQ1FLQ0FRQVFrRWVnWnhvTGdGWklxcGR5WHZrc0FCRFAKQVpwdWQvdWpwZEJkaVBERzFGUW0vY2VaL2VmeGlaRlhKRUlySURLN2tkT1VlZ1NMRmF5UHhpalVFRHc2V0wyLwpETlRwSmR2Zk82ZjRQTllqbHNIdDNaVDFleWViOVJqWnFrcklmQXhla29DemhadFdFN0h2Zmd6bDQ3Tmh6bHNrClhrWGRJNnRIZ2tOZDJHdTlvODdPellyK1Y3WWNBbDU2ODl4UGphTS83c1QvUHcrTHpFNG9NTWk3aSt0b2tTc24KekhkNDM1dHp6aGFlQUdNa1FFSDl5YzVSc1NuMmFuS1FyQ2QzelBMajJNSVlGa2ZTVndsZUh1OGZUUHJPcHNJWgpjWGRSZTJac0lrTlpqYUNFZ1JvV0ZybktDR1RkUWhKRjVZSW5aaXV5MDBPQmNMU1Nwc2wyODdvalEwUmMKLS0tLS1FTkQgUlNBIFBSSVZBVEUgS0VZLS0tLS0K\n    token: cq6fu8ch7eqs1zr5r24vl14cb8jzx4cxptm0zql2g9qelwtkggvc94pi3m208x1km0tc1zls5ihll2u7z7912xsg6izzanmkflpgilp6io6zu2sknmtcs30z3mrjnwg7\n",
            "kubelet_identity": [
              {
                "client_id": "c5fb0838-d8fe-41b3-95cf-10ac594eaa68",
                "object_id": "3e0751a0-61d8-49fc-b136-3be0adbaa0c1",
                "user_assigned_identity_id": "/subscriptions/6fb1fdac-61ae-423c-bbd9-e4a355f030ec/resourceGroups/MC_sk-dev-rg_sk-dev-aks_northeurope/providers/Microsoft.ManagedIdentity/userAssignedIdentities/sk-dev-aks-agentpool"
              }
            ],
            "kubernetes_version": "1.33",
            "linux_profile": [],
            "local_account_disabled": false,
            "location": "northeurope",
            "maintenance_window": [],
            "maintenance_window_auto_upgrade": [],
            "maintenance_window_node_os": [],
            "microsoft_defender": [],
            "monitor_metrics": [],
            "name": "sk-dev-aks",
            "network_profile": [
              {
                "advanced_networking": [],
                "dns_service_ip": "10.0.0.10",
                "ip_versions": [
                  "IPv4"
                ],
                "load_balancer_profile": [
                  {
                    "backend_pool_type": "NodeIPConfiguration",
                    "effective_outbound_ips": [
                      "/subscriptions/6fb1fdac-61ae-423c-bbd9-e4a355f030ec/resourceGroups/MC_sk-dev-rg_sk-dev-aks_northeurope/providers/Microsoft.Network/publicIPAddresses/c4a5b44f-041b-4413-b6bd-7bfe8b96165c"
                    ],
                    "idle_timeout_in_minutes": 0,
                    "managed_outbound_ip_count": 1,
                    "managed_outbound_ipv6_count": 0,
                    "outbound_ip_address_ids": [],
                    "outbound_ip_prefix_ids": [],
                    "outbound_ports_allocated": 0
                  }
                ],
                "load_balancer_sku": "standard",
                "nat_gateway_profile": [],
                "network_data_plane": "azure",
                "network_mode": "",
                "network_plugin": "azure",
                "network_plugin_mode": "overlay",
                "network_policy": "",
                "outbound_type": "loadBalancer",
                "pod_cidr": "10.244.0.0/16",
                "pod_cidrs": [
                  "10.244.0.0/16"
                ],
                "service_cidr": "10.0.0.0/16",
                "service_cidrs": [
                  "10.0.0.0/16"
                ]
              }
            ],
            "node_os_upgrade_channel": "NodeImage",
            "node_provisioning_profile": [
              {
                "default_node_pools": "Auto",
                "mode": "Manual"
              }
            ],
            "node_resource_group": "MC_sk-dev-rg_sk-dev-aks_northeurope",
            "node_resource_group_id": "/subscriptions/6fb1fdac-61ae-423c-bbd9-e4a355f030ec/resourceGroups/MC_sk-dev-rg_sk-dev-aks_northeurope",
            "oidc_issuer_enabled": false,
            "oidc_issuer_url": "",
            "oms_agent": [],
            "open_service_mesh_enabled": false,
            "portal_fqdn": "sk-dev-dns-qbsmifo7.portal.hcp.northeurope.azmk8s.io",
            "private_cluster_enabled": false,
            "private_cluster_public_fqdn_enabled": false,
            "private_dns_zone_id": "",
            "private_fqdn": "",
            "resource_group_name": "sk-dev-rg",
            "role_based_access_control_enabled": true,
            "run_command_enabled": true,
            "service_mesh_profile": [],
            "service_principal": [],
            "sku_tier": "Free",
            "storage_profile": [],
            "support_plan": "KubernetesOfficial",
            "tags": {},
            "timeouts": null,
            "upgrade_override": [],
            "web_app_routing": [],
            "windows_profile": [],
            "workload_autoscaler_profile": [],
            "workload_identity_enabled": false
          },
          "sensitive_attributes": [
            [
              {
                "type": "get_attr",
                "value": "kube_admin_config"
              }
            ],
            [
              {
                "type": "get_attr",
                "value": "kube_config_raw"
              }
            ],
            [
              {
                "type": "get_attr",
                "value": "kube_config"
              }
            ],
            [
              {
                "type": "get_attr",
                "value": "kube_admin_config_raw"
              }
            ]
          ],
          "private": "eyJlMmJmYjczMC1lY2FhLTExZTYtOGY4OC0zNDM2M2JjN2M0YzAiOnsiY3JlYXRlIjo1NDAwMDAwMDAwMDAwLCJkZWxldGUiOjU0MDAwMDAwMDAwMDAsInJlYWQiOjMwMDAwMDAwMDAwMCwidXBkYXRlIjo1NDAwMDAwMDAwMDAwfSwic2NoZW1hX3ZlcnNpb24iOiIyIn0=",
          "dependencies": [
            "module.rg.azurerm_resource_group.rg"
          ]
        }
      ]
    },
    {
      "module": "module.compute",
      "mode": "managed",
      "type": "azurerm_linux_virtual_machine",
      "name": "docker",
      "provider": "provider[\"registry.terraform.io/hashicorp/azurerm\"]",
      "instances": [
        {
          "index_key": 0,
          "schema_version": 0,
          "attributes": {
            "additional_capabilities": [],
            "admin_password": null,
            "admin_ssh_key": [
              {
                "public_key": "ssh-ed25519 AAAAC3NzaC1lZDI1NTE5AAAAIJpuCzqJ9ZMt13Hf1F8ZKIGxcXtpSeI3X7IMWUbmSlSA crud-demo-vm",
                "username": "vinadmin"
              }
            ],
            "admin_username": "vinadmin",
            "allow_extension_operations": true,
            "availability_set_id": "",
            "boot_diagnostics": [],
            "bypass_platform_safety_checks_on_user_schedule_enabled": false,
            "capacity_reservation_group_id": "",
            "computer_name": "sk-dev-docker",
            "custom_data": null,
            "dedicated_host_group_id": "",
            "dedicated_host_id": "",
            "disable_password_authentication": true,
            "disk_controller_type": "",
            "edge_zone": "",
            "encryption_at_host_enabled": false,
            "eviction_policy": "",
            "extensions_time_budget": "PT1H30M",
            "gallery_application": [],
            "id": "/subscriptions/6fb1fdac-61ae-423c-bbd9-e4a355f030ec/resourceGroups/sk-dev-rg/providers/Microsoft.Compute/virtualMachines/sk-dev-docker",
            "identity": [],
            "license_type": "",
            "location": "northeurope",
            "max_bid_price": -1,
            "name": "sk-dev-docker",
            "network_interface_ids": [
              "/subscriptions/6fb1fdac-61ae-423c-bbd9-e4a355f030ec/resourceGroups/sk-dev-rg/providers/Microsoft.Network/networkInterfaces/sk-dev-docker-nic"
            ],
            "os_disk": [
              {
                "caching": "ReadWrite",
                "diff_disk_settings": [],
                "disk_encryption_set_id": "",
                "disk_size_gb": 30,
                "id": "/subscriptions/6fb1fdac-61ae-423c-bbd9-e4a355f030ec/resourceGroups/sk-dev-rg/providers/Microsoft.Compute/disks/sk-dev-docker_OsDisk_1_93e7346143fe42a1a54f5d12bd42f812",
                "name": "sk-dev-docker_OsDisk_1_93e7346143fe42a1a54f5d12bd42f812",
                "secure_vm_disk_encryption_set_id": "",
                "security_encryption_type": "",
                "storage_account_type": "Standard_LRS",
                "write_accelerator_enabled": false
              }
            ],
            "os_image_notification": [],
            "os_managed_disk_id": "/subscriptions/6fb1fdac-61ae-423c-bbd9-e4a355f030ec/resourceGroups/sk-dev-rg/providers/Microsoft.Compute/disks/sk-dev-docker_OsDisk_1_93e7346143fe42a1a54f5d12bd42f812",
            "patch_assessment_mode": "ImageDefault",
            "patch_mode": "ImageDefault",
            "plan": [],
            "platform_fault_domain": -1,
            "priority": "Regular",
            "private_ip_address": "10.10.1.5",
            "private_ip_addresses": [
              "10.10.1.5"
            ],
            "provision_vm_agent": true,
            "proximity_placement_group_id": "",
            "public_ip_address": "20.123.32.80",
            "public_ip_addresses": [
              "20.123.32.80"
            ],
            "reboot_setting": "",
            "resource_group_name": "sk-dev-rg",
            "secret": [],
            "secure_boot_enabled": false,
            "size": "Standard_B2s",
            "source_image_id": "",
            "source_image_reference": [
              {
                "offer": "0001-com-ubuntu-server-jammy",
                "publisher": "Canonical",
                "sku": "22_04-lts",
                "version": "latest"
              }
            ],
            "tags": {},
            "termination_notification": [],
            "timeouts": null,
            "user_data": "",
            "virtual_machine_id": "ebcdf3d2-5ec4-4e44-8644-93b6bd64126e",
            "virtual_machine_scale_set_id": "",
            "vm_agent_platform_updates_enabled": false,
            "vtpm_enabled": false,
            "zone": ""
          },
          "sensitive_attributes": [
            [
              {
                "type": "get_attr",
                "value": "custom_data"
              }
            ],
            [
              {
                "type": "get_attr",
                "value": "admin_password"
              }
            ]
          ],
          "private": "eyJlMmJmYjczMC1lY2FhLTExZTYtOGY4OC0zNDM2M2JjN2M0YzAiOnsiY3JlYXRlIjoyNzAwMDAwMDAwMDAwLCJkZWxldGUiOjI3MDAwMDAwMDAwMDAsInJlYWQiOjMwMDAwMDAwMDAwMCwidXBkYXRlIjoyNzAwMDAwMDAwMDAwfX0=",
          "dependencies": [
            "module.compute.azurerm_network_interface.docker_nic",
            "module.compute.azurerm_public_ip.docker_pip",
            "module.network.azurerm_subnet.subnet_app",
            "module.network.azurerm_virtual_network.vnet",
            "module.rg.azurerm_resource_group.rg"
          ]
        }
      ]
    },
    {
      "module": "module.compute",
      "mode": "managed",
      "type": "azurerm_linux_virtual_machine",
      "name": "jenkins",
      "provider": "provider[\"registry.terraform.io/hashicorp/azurerm\"]",
      "instances": [
        {
          "index_key": 0,
          "schema_version": 0,
          "attributes": {
            "additional_capabilities": [],
            "admin_password": null,
            "admin_ssh_key": [
              {
                "public_key": "ssh-ed25519 AAAAC3NzaC1lZDI1NTE5AAAAIJpuCzqJ9ZMt13Hf1F8ZKIGxcXtpSeI3X7IMWUbmSlSA crud-demo-vm",
                "username": "vinadmin"
              }
            ],
            "admin_username": "vinadmin",
            "allow_extension_operations": true,
            "availability_set_id": "",
            "boot_diagnostics": [],
            "bypass_platform_safety_checks_on_user_schedule_enabled": false,
            "capacity_reservation_group_id": "",
            "computer_name": "sk-dev-jenkins",
            "custom_data": null,
            "dedicated_host_group_id": "",
            "dedicated_host_id": "",
            "disable_password_authentication": true,
            "disk_controller_type": "",
            "edge_zone": "",
            "encryption_at_host_enabled": false,
            "eviction_policy": "",
            "extensions_time_budget": "PT1H30M",
            "gallery_application": [],
            "id": "/subscriptions/6fb1fdac-61ae-423c-bbd9-e4a355f030ec/resourceGroups/sk-dev-rg/providers/Microsoft.Compute/virtualMachines/sk-dev-jenkins",
            "identity": [],
            "license_type": "",
            "location": "northeurope",
            "max_bid_price": -1,
            "name": "sk-dev-jenkins",
            "network_interface_ids": [
              "/subscriptions/6fb1fdac-61ae-423c-bbd9-e4a355f030ec/resourceGroups/sk-dev-rg/providers/Microsoft.Network/networkInterfaces/sk-dev-jenkins-nic"
            ],
            "os_disk": [
              {
                "caching": "ReadWrite",
                "diff_disk_settings": [],
                "disk_encryption_set_id": "",
                "disk_size_gb": 30,
                "id": "/subscriptions/6fb1fdac-61ae-423c-bbd9-e4a355f030ec/resourceGroups/sk-dev-rg/providers/Microsoft.Compute/disks/sk-dev-jenkins_OsDisk_1_81738043fabf4068a3ab52205cab9325",
                "name": "sk-dev-jenkins_OsDisk_1_81738043fabf4068a3ab52205cab9325",
                "secure_vm_disk_encryption_set_id": "",
                "security_encryption_type": "",
                "storage_account_type": "Standard_LRS",
                "write_accelerator_enabled": false
              }
            ],
            "os_image_notification": [],
            "os_managed_disk_id": "/subscriptions/6fb1fdac-61ae-423c-bbd9-e4a355f030ec/resourceGroups/sk-dev-rg/providers/Microsoft.Compute/disks/sk-dev-jenkins_OsDisk_1_81738043fabf4068a3ab52205cab9325",
            "patch_assessment_mode": "ImageDefault",
            "patch_mode": "ImageDefault",
            "plan": [],
            "platform_fault_domain": -1,
            "priority": "Regular",
            "private_ip_address": "10.10.1.4",
            "private_ip_addresses": [
              "10.10.1.4"
            ],
            "provision_vm_agent": true,
            "proximity_placement_group_id": "",
            "public_ip_address": "68.219.117.71",
            "public_ip_addresses": [
              "68.219.117.71"
            ],
            "reboot_setting": "",
            "resource_group_name": "sk-dev-rg",
            "secret": [],
            "secure_boot_enabled": false,
            "size": "Standard_B2s",
            "source_image_id": "",
            "source_image_reference": [
              {
                "offer": "0001-com-ubuntu-server-jammy",
                "publisher": "Canonical",
                "sku": "22_04-lts",
                "version": "latest"
              }
            ],
            "tags": {},
            "termination_notification": [],
            "timeouts": null,
            "user_data": "",
            "virtual_machine_id": "f14e3d99-8b2e-4457-8195-c9666bd43b3d",
            "virtual_machine_scale_set_id": "",
            "vm_agent_platform_updates_enabled": false,
            "vtpm_enabled": false,
            "zone": ""
          },
          "sensitive_attributes": [
            [
              {
                "type": "get_attr",
                "value": "admin_password"
              }
            ],
            [
              {
                "type": "get_attr",
                "value": "custom_data"
              }
            ]
          ],
          "private": "eyJlMmJmYjczMC1lY2FhLTExZTYtOGY4OC0zNDM2M2JjN2M0YzAiOnsiY3JlYXRlIjoyNzAwMDAwMDAwMDAwLCJkZWxldGUiOjI3MDAwMDAwMDAwMDAsInJlYWQiOjMwMDAwMDAwMDAwMCwidXBkYXRlIjoyNzAwMDAwMDAwMDAwfX0=",
          "dependencies": [
            "module.compute.azurerm_network_interface.jenkins_nic",
            "module.compute.azurerm_public_ip.jenkins_pip",
            "module.network.azurerm_subnet.subnet_app",
            "module.network.azurerm_virtual_network.vnet",
            "module.rg.azurerm_resource_group.rg"
          ]
        }
      ]
    },
    {
      "module": "module.compute",
      "mode": "managed",
      "type": "azurerm_network_interface",
      "name": "docker_nic",
      "provider": "provider[\"registry.terraform.io/hashicorp/azurerm\"]",
      "instances": [
        {
          "index_key": 0,
          "schema_version": 0,
          "attributes": {
            "accelerated_networking_enabled": false,
            "applied_dns_servers": [],
            "auxiliary_mode": "",
            "auxiliary_sku": "",
            "dns_servers": [],
            "edge_zone": "",
            "id": "/subscriptions/6fb1fdac-61ae-423c-bbd9-e4a355f030ec/resourceGroups/sk-dev-rg/providers/Microsoft.Network/networkInterfaces/sk-dev-docker-nic",
            "internal_dns_name_label": "",
            "internal_domain_name_suffix": "2xoysoum0jou3hxo0ixsw2qm5b.fx.internal.cloudapp.net",
            "ip_configuration": [
              {
                "gateway_load_balancer_frontend_ip_configuration_id": "",
                "name": "ipcfg",
                "primary": true,
                "private_ip_address": "10.10.1.5",
                "private_ip_address_allocation": "Dynamic",
                "private_ip_address_version": "IPv4",
                "public_ip_address_id": "/subscriptions/6fb1fdac-61ae-423c-bbd9-e4a355f030ec/resourceGroups/sk-dev-rg/providers/Microsoft.Network/publicIPAddresses/sk-dev-docker-pip",
                "subnet_id": "/subscriptions/6fb1fdac-61ae-423c-bbd9-e4a355f030ec/resourceGroups/sk-dev-rg/providers/Microsoft.Network/virtualNetworks/sk-dev-vnet/subnets/app"
              }
            ],
            "ip_forwarding_enabled": false,
            "location": "northeurope",
            "mac_address": "00-22-48-A3-18-64",
            "name": "sk-dev-docker-nic",
            "private_ip_address": "10.10.1.5",
            "private_ip_addresses": [
              "10.10.1.5"
            ],
            "resource_group_name": "sk-dev-rg",
            "tags": {},
            "timeouts": null,
            "virtual_machine_id": "/subscriptions/6fb1fdac-61ae-423c-bbd9-e4a355f030ec/resourceGroups/sk-dev-rg/providers/Microsoft.Compute/virtualMachines/sk-dev-docker"
          },
          "sensitive_attributes": [],
          "private": "eyJlMmJmYjczMC1lY2FhLTExZTYtOGY4OC0zNDM2M2JjN2M0YzAiOnsiY3JlYXRlIjoxODAwMDAwMDAwMDAwLCJkZWxldGUiOjE4MDAwMDAwMDAwMDAsInJlYWQiOjMwMDAwMDAwMDAwMCwidXBkYXRlIjoxODAwMDAwMDAwMDAwfX0=",
          "dependencies": [
            "module.compute.azurerm_public_ip.docker_pip",
            "module.network.azurerm_subnet.subnet_app",
            "module.network.azurerm_virtual_network.vnet",
            "module.rg.azurerm_resource_group.rg"
          ]
        }
      ]
    },
    {
      "module": "module.compute",
      "mode": "managed",
      "type": "azurerm_network_interface",
      "name": "jenkins_nic",
      "provider": "provider[\"registry.terraform.io/hashicorp/azurerm\"]",
      "instances": [
        {
          "index_key": 0,
          "schema_version": 0,
          "attributes": {
            "accelerated_networking_enabled": false,
            "applied_dns_servers": [],
            "auxiliary_mode": "",
            "auxiliary_sku": "",
            "dns_servers": [],
            "edge_zone": "",
            "id": "/subscriptions/6fb1fdac-61ae-423c-bbd9-e4a355f030ec/resourceGroups/sk-dev-rg/providers/Microsoft.Network/networkInterfaces/sk-dev-jenkins-nic",
            "internal_dns_name_label": "",
            "internal_domain_name_suffix": "2xoysoum0jou3hxo0ixsw2qm5b.fx.internal.cloudapp.net",
            "ip_configuration": [
              {
                "gateway_load_balancer_frontend_ip_configuration_id": "",
                "name": "ipcfg",
                "primary": true,
                "private_ip_address": "10.10.1.4",
                "private_ip_address_allocation": "Dynamic",
                "private_ip_address_version": "IPv4",
                "public_ip_address_id": "/subscriptions/6fb1fdac-61ae-423c-bbd9-e4a355f030ec/resourceGroups/sk-dev-rg/providers/Microsoft.Network/publicIPAddresses/sk-dev-jenkins-pip",
                "subnet_id": "/subscriptions/6fb1fdac-61ae-423c-bbd9-e4a355f030ec/resourceGroups/sk-dev-rg/providers/Microsoft.Network/virtualNetworks/sk-dev-vnet/subnets/app"
              }
            ],
            "ip_forwarding_enabled": false,
            "location": "northeurope",
            "mac_address": "00-22-48-9C-EF-E7",
            "name": "sk-dev-jenkins-nic",
            "private_ip_address": "10.10.1.4",
            "private_ip_addresses": [
              "10.10.1.4"
            ],
            "resource_group_name": "sk-dev-rg",
            "tags": {},
            "timeouts": null,
            "virtual_machine_id": "/subscriptions/6fb1fdac-61ae-423c-bbd9-e4a355f030ec/resourceGroups/sk-dev-rg/providers/Microsoft.Compute/virtualMachines/sk-dev-jenkins"
          },
          "sensitive_attributes": [],
          "private": "eyJlMmJmYjczMC1lY2FhLTExZTYtOGY4OC0zNDM2M2JjN2M0YzAiOnsiY3JlYXRlIjoxODAwMDAwMDAwMDAwLCJkZWxldGUiOjE4MDAwMDAwMDAwMDAsInJlYWQiOjMwMDAwMDAwMDAwMCwidXBkYXRlIjoxODAwMDAwMDAwMDAwfX0=",
          "dependencies": [
            "module.compute.azurerm_public_ip.jenkins_pip",
            "module.network.azurerm_subnet.subnet_app",
            "module.network.azurerm_virtual_network.vnet",
            "module.rg.azurerm_resource_group.rg"
          ]
        }
      ]
    },
    {
      "module": "module.compute",
      "mode": "managed",
      "type": "azurerm_network_interface_security_group_association",
      "name": "docker_nsg_assoc",
      "provider": "provider[\"registry.terraform.io/hashicorp/azurerm\"]",
      "instances": [
        {
          "index_key": 0,
          "schema_version": 0,
          "attributes": {
            "id": "/subscriptions/6fb1fdac-61ae-423c-bbd9-e4a355f030ec/resourceGroups/sk-dev-rg/providers/Microsoft.Network/networkInterfaces/sk-dev-docker-nic|/subscriptions/6fb1fdac-61ae-423c-bbd9-e4a355f030ec/resourceGroups/sk-dev-rg/providers/Microsoft.Network/networkSecurityGroups/sk-dev-docker-nsg",
            "network_interface_id": "/subscriptions/6fb1fdac-61ae-423c-bbd9-e4a355f030ec/resourceGroups/sk-dev-rg/providers/Microsoft.Network/networkInterfaces/sk-dev-docker-nic",
            "network_security_group_id": "/subscriptions/6fb1fdac-61ae-423c-bbd9-e4a355f030ec/resourceGroups/sk-dev-rg/providers/Microsoft.Network/networkSecurityGroups/sk-dev-docker-nsg",
            "timeouts": null
          },
          "sensitive_attributes": [],
          "private": "eyJlMmJmYjczMC1lY2FhLTExZTYtOGY4OC0zNDM2M2JjN2M0YzAiOnsiY3JlYXRlIjoxODAwMDAwMDAwMDAwLCJkZWxldGUiOjE4MDAwMDAwMDAwMDAsInJlYWQiOjMwMDAwMDAwMDAwMH19",
          "dependencies": [
            "module.compute.azurerm_network_interface.docker_nic",
            "module.compute.azurerm_network_security_group.docker_nsg",
            "module.compute.azurerm_public_ip.docker_pip",
            "module.network.azurerm_subnet.subnet_app",
            "module.network.azurerm_virtual_network.vnet",
            "module.rg.azurerm_resource_group.rg"
          ]
        }
      ]
    },
    {
      "module": "module.compute",
      "mode": "managed",
      "type": "azurerm_network_interface_security_group_association",
      "name": "jenkins_nsg_assoc",
      "provider": "provider[\"registry.terraform.io/hashicorp/azurerm\"]",
      "instances": [
        {
          "index_key": 0,
          "schema_version": 0,
          "attributes": {
            "id": "/subscriptions/6fb1fdac-61ae-423c-bbd9-e4a355f030ec/resourceGroups/sk-dev-rg/providers/Microsoft.Network/networkInterfaces/sk-dev-jenkins-nic|/subscriptions/6fb1fdac-61ae-423c-bbd9-e4a355f030ec/resourceGroups/sk-dev-rg/providers/Microsoft.Network/networkSecurityGroups/sk-dev-jenkins-nsg",
            "network_interface_id": "/subscriptions/6fb1fdac-61ae-423c-bbd9-e4a355f030ec/resourceGroups/sk-dev-rg/providers/Microsoft.Network/networkInterfaces/sk-dev-jenkins-nic",
            "network_security_group_id": "/subscriptions/6fb1fdac-61ae-423c-bbd9-e4a355f030ec/resourceGroups/sk-dev-rg/providers/Microsoft.Network/networkSecurityGroups/sk-dev-jenkins-nsg",
            "timeouts": null
          },
          "sensitive_attributes": [],
          "private": "eyJlMmJmYjczMC1lY2FhLTExZTYtOGY4OC0zNDM2M2JjN2M0YzAiOnsiY3JlYXRlIjoxODAwMDAwMDAwMDAwLCJkZWxldGUiOjE4MDAwMDAwMDAwMDAsInJlYWQiOjMwMDAwMDAwMDAwMH19",
          "dependencies": [
            "module.compute.azurerm_network_interface.jenkins_nic",
            "module.compute.azurerm_network_security_group.jenkins_nsg",
            "module.compute.azurerm_public_ip.jenkins_pip",
            "module.network.azurerm_subnet.subnet_app",
            "module.network.azurerm_virtual_network.vnet",
            "module.rg.azurerm_resource_group.rg"
          ]
        }
      ]
    },
    {
      "module": "module.compute",
      "mode": "managed",
      "type": "azurerm_network_security_group",
      "name": "docker_nsg",
      "provider": "provider[\"registry.terraform.io/hashicorp/azurerm\"]",
      "instances": [
        {
          "index_key": 0,
          "schema_version": 0,
          "attributes": {
            "id": "/subscriptions/6fb1fdac-61ae-423c-bbd9-e4a355f030ec/resourceGroups/sk-dev-rg/providers/Microsoft.Network/networkSecurityGroups/sk-dev-docker-nsg",
            "location": "northeurope",
            "name": "sk-dev-docker-nsg",
            "resource_group_name": "sk-dev-rg",
            "security_rule": [
              {
                "access": "Allow",
                "description": "",
                "destination_address_prefix": "*",
                "destination_address_prefixes": [],
                "destination_application_security_group_ids": [],
                "destination_port_range": "2375",
                "destination_port_ranges": [],
                "direction": "Inbound",
                "name": "docker-remote",
                "priority": 1001,
                "protocol": "Tcp",
                "source_address_prefix": "",
                "source_address_prefixes": [
                  "0.0.0.0/0"
                ],
                "source_application_security_group_ids": [],
                "source_port_range": "*",
                "source_port_ranges": []
              }
            ],
            "tags": {},
            "timeouts": null
          },
          "sensitive_attributes": [],
          "private": "eyJlMmJmYjczMC1lY2FhLTExZTYtOGY4OC0zNDM2M2JjN2M0YzAiOnsiY3JlYXRlIjoxODAwMDAwMDAwMDAwLCJkZWxldGUiOjE4MDAwMDAwMDAwMDAsInJlYWQiOjMwMDAwMDAwMDAwMCwidXBkYXRlIjoxODAwMDAwMDAwMDAwfX0=",
          "dependencies": [
            "module.rg.azurerm_resource_group.rg"
          ]
        }
      ]
    },
    {
      "module": "module.compute",
      "mode": "managed",
      "type": "azurerm_network_security_group",
      "name": "jenkins_nsg",
      "provider": "provider[\"registry.terraform.io/hashicorp/azurerm\"]",
      "instances": [
        {
          "index_key": 0,
          "schema_version": 0,
          "attributes": {
            "id": "/subscriptions/6fb1fdac-61ae-423c-bbd9-e4a355f030ec/resourceGroups/sk-dev-rg/providers/Microsoft.Network/networkSecurityGroups/sk-dev-jenkins-nsg",
            "location": "northeurope",
            "name": "sk-dev-jenkins-nsg",
            "resource_group_name": "sk-dev-rg",
            "security_rule": [
              {
                "access": "Allow",
                "description": "",
                "destination_address_prefix": "*",
                "destination_address_prefixes": [],
                "destination_application_security_group_ids": [],
                "destination_port_range": "22",
                "destination_port_ranges": [],
                "direction": "Inbound",
                "name": "ssh",
                "priority": 1001,
                "protocol": "Tcp",
                "source_address_prefix": "",
                "source_address_prefixes": [
                  "0.0.0.0/0"
                ],
                "source_application_security_group_ids": [],
                "source_port_range": "*",
                "source_port_ranges": []
              },
              {
                "access": "Allow",
                "description": "",
                "destination_address_prefix": "*",
                "destination_address_prefixes": [],
                "destination_application_security_group_ids": [],
                "destination_port_range": "8080",
                "destination_port_ranges": [],
                "direction": "Inbound",
                "name": "jenkins-ui",
                "priority": 1002,
                "protocol": "Tcp",
                "source_address_prefix": "",
                "source_address_prefixes": [
                  "0.0.0.0/0"
                ],
                "source_application_security_group_ids": [],
                "source_port_range": "*",
                "source_port_ranges": []
              }
            ],
            "tags": {},
            "timeouts": null
          },
          "sensitive_attributes": [],
          "private": "eyJlMmJmYjczMC1lY2FhLTExZTYtOGY4OC0zNDM2M2JjN2M0YzAiOnsiY3JlYXRlIjoxODAwMDAwMDAwMDAwLCJkZWxldGUiOjE4MDAwMDAwMDAwMDAsInJlYWQiOjMwMDAwMDAwMDAwMCwidXBkYXRlIjoxODAwMDAwMDAwMDAwfX0=",
          "dependencies": [
            "module.rg.azurerm_resource_group.rg"
          ]
        }
      ]
    },
    {
      "module": "module.compute",
      "mode": "managed",
      "type": "azurerm_public_ip",
      "name": "docker_pip",
      "provider": "provider[\"registry.terraform.io/hashicorp/azurerm\"]",
      "instances": [
        {
          "index_key": 0,
          "schema_version": 0,
          "attributes": {
            "allocation_method": "Static",
            "ddos_protection_mode": "VirtualNetworkInherited",
            "ddos_protection_plan_id": null,
            "domain_name_label": null,
            "domain_name_label_scope": null,
            "edge_zone": "",
            "fqdn": null,
            "id": "/subscriptions/6fb1fdac-61ae-423c-bbd9-e4a355f030ec/resourceGroups/sk-dev-rg/providers/Microsoft.Network/publicIPAddresses/sk-dev-docker-pip",
            "idle_timeout_in_minutes": 4,
            "ip_address": "20.123.32.80",
            "ip_tags": {},
            "ip_version": "IPv4",
            "location": "northeurope",
            "name": "sk-dev-docker-pip",
            "public_ip_prefix_id": null,
            "resource_group_name": "sk-dev-rg",
            "reverse_fqdn": null,
            "sku": "Standard",
            "sku_tier": "Regional",
            "tags": {},
            "timeouts": null,
            "zones": []
          },
          "sensitive_attributes": [],
          "private": "eyJlMmJmYjczMC1lY2FhLTExZTYtOGY4OC0zNDM2M2JjN2M0YzAiOnsiY3JlYXRlIjoxODAwMDAwMDAwMDAwLCJkZWxldGUiOjE4MDAwMDAwMDAwMDAsInJlYWQiOjMwMDAwMDAwMDAwMCwidXBkYXRlIjoxODAwMDAwMDAwMDAwfX0=",
          "dependencies": [
            "module.rg.azurerm_resource_group.rg"
          ]
        }
      ]
    },
    {
      "module": "module.compute",
      "mode": "managed",
      "type": "azurerm_public_ip",
      "name": "jenkins_pip",
      "provider": "provider[\"registry.terraform.io/hashicorp/azurerm\"]",
      "instances": [
        {
          "index_key": 0,
          "schema_version": 0,
          "attributes": {
            "allocation_method": "Static",
            "ddos_protection_mode": "VirtualNetworkInherited",
            "ddos_protection_plan_id": null,
            "domain_name_label": null,
            "domain_name_label_scope": null,
            "edge_zone": "",
            "fqdn": null,
            "id": "/subscriptions/6fb1fdac-61ae-423c-bbd9-e4a355f030ec/resourceGroups/sk-dev-rg/providers/Microsoft.Network/publicIPAddresses/sk-dev-jenkins-pip",
            "idle_timeout_in_minutes": 4,
            "ip_address": "68.219.117.71",
            "ip_tags": {},
            "ip_version": "IPv4",
            "location": "northeurope",
            "name": "sk-dev-jenkins-pip",
            "public_ip_prefix_id": null,
            "resource_group_name": "sk-dev-rg",
            "reverse_fqdn": null,
            "sku": "Standard",
            "sku_tier": "Regional",
            "tags": {},
            "timeouts": null,
            "zones": []
          },
          "sensitive_attributes": [],
          "private": "eyJlMmJmYjczMC1lY2FhLTExZTYtOGY4OC0zNDM2M2JjN2M0YzAiOnsiY3JlYXRlIjoxODAwMDAwMDAwMDAwLCJkZWxldGUiOjE4MDAwMDAwMDAwMDAsInJlYWQiOjMwMDAwMDAwMDAwMCwidXBkYXRlIjoxODAwMDAwMDAwMDAwfX0=",
          "dependencies": [
            "module.rg.azurerm_resource_group.rg"
          ]
        }
      ]
    },
    {
      "module": "module.kv",
      "mode": "data",
      "type": "azurerm_client_config",
      "name": "current",
      "provider": "provider[\"registry.terraform.io/hashicorp/azurerm\"]",
      "instances": [
        {
          "schema_version": 0,
          "attributes": {
            "client_id": "38bbf3e4-334a-46a6-8c73-3a2dd1fd1a67",
            "id": "Y2xpZW50Q29uZmlncy9jbGllbnRJZD0zOGJiZjNlNC0zMzRhLTQ2YTYtOGM3My0zYTJkZDFmZDFhNjc7b2JqZWN0SWQ9NTQyYTdjZWYtN2YzZC00MzlhLWJiOWQtYzY0YzY1MzQzNmM3O3N1YnNjcmlwdGlvbklkPTZmYjFmZGFjLTYxYWUtNDIzYy1iYmQ5LWU0YTM1NWYwMzBlYzt0ZW5hbnRJZD1lYzc3ODlmMC03ZWYyLTRmZjYtODliMS1hNzRkM2ZjOGY4MWM=",
            "object_id": "542a7cef-7f3d-439a-bb9d-c64c653436c7",
            "subscription_id": "6fb1fdac-61ae-423c-bbd9-e4a355f030ec",
            "tenant_id": "ec7789f0-7ef2-4ff6-89b1-a74d3fc8f81c",
            "timeouts": null
          },
          "sensitive_attributes": []
        }
      ]
    },
    {
      "module": "module.kv",
      "mode": "managed",
      "type": "azurerm_key_vault",
      "name": "kv",
      "provider": "provider[\"registry.terraform.io/hashicorp/azurerm\"]",
      "instances": [
        {
          "schema_version": 2,
          "attributes": {
            "access_policy": [],
            "contact": [],
            "enable_rbac_authorization": true,
            "enabled_for_deployment": false,
            "enabled_for_disk_encryption": false,
            "enabled_for_template_deployment": false,
            "id": "/subscriptions/6fb1fdac-61ae-423c-bbd9-e4a355f030ec/resourceGroups/sk-dev-rg/providers/Microsoft.KeyVault/vaults/skdevkv",
            "location": "northeurope",
            "name": "skdevkv",
            "network_acls": [
              {
                "bypass": "AzureServices",
                "default_action": "Allow",
                "ip_rules": [],
                "virtual_network_subnet_ids": []
              }
            ],
            "public_network_access_enabled": true,
            "purge_protection_enabled": true,
            "rbac_authorization_enabled": true,
            "resource_group_name": "sk-dev-rg",
            "sku_name": "standard",
            "soft_delete_retention_days": 7,
            "tags": {},
            "tenant_id": "ec7789f0-7ef2-4ff6-89b1-a74d3fc8f81c",
            "timeouts": null,
            "vault_uri": "https://skdevkv.vault.azure.net/"
          },
          "sensitive_attributes": [],
          "private": "eyJlMmJmYjczMC1lY2FhLTExZTYtOGY4OC0zNDM2M2JjN2M0YzAiOnsiY3JlYXRlIjoxODAwMDAwMDAwMDAwLCJkZWxldGUiOjE4MDAwMDAwMDAwMDAsInJlYWQiOjMwMDAwMDAwMDAwMCwidXBkYXRlIjoxODAwMDAwMDAwMDAwfSwic2NoZW1hX3ZlcnNpb24iOiIyIn0=",
          "dependencies": [
            "module.kv.data.azurerm_client_config.current",
            "module.rg.azurerm_resource_group.rg"
          ]
        }
      ]
    },
    {
      "module": "module.kv",
      "mode": "managed",
      "type": "azurerm_key_vault_secret",
      "name": "seed",
      "provider": "provider[\"registry.terraform.io/hashicorp/azurerm\"]",
      "instances": [
        {
          "index_key": "acr-name",
          "schema_version": 0,
          "attributes": {
            "content_type": "",
            "expiration_date": "",
            "id": "https://skdevkv.vault.azure.net/secrets/acr-name/fa9f4682f9e844f59832d863ef935bd9",
            "key_vault_id": "/subscriptions/6fb1fdac-61ae-423c-bbd9-e4a355f030ec/resourceGroups/sk-dev-rg/providers/Microsoft.KeyVault/vaults/skdevkv",
            "name": "acr-name",
            "not_before_date": "",
            "resource_id": "/subscriptions/6fb1fdac-61ae-423c-bbd9-e4a355f030ec/resourceGroups/sk-dev-rg/providers/Microsoft.KeyVault/vaults/skdevkv/secrets/acr-name/versions/fa9f4682f9e844f59832d863ef935bd9",
            "resource_versionless_id": "/subscriptions/6fb1fdac-61ae-423c-bbd9-e4a355f030ec/resourceGroups/sk-dev-rg/providers/Microsoft.KeyVault/vaults/skdevkv/secrets/acr-name",
            "tags": {},
            "timeouts": null,
            "value": "starterkitacr",
            "value_wo": null,
            "value_wo_version": 0,
            "version": "fa9f4682f9e844f59832d863ef935bd9",
            "versionless_id": "https://skdevkv.vault.azure.net/secrets/acr-name"
          },
          "sensitive_attributes": [
            [
              {
                "type": "get_attr",
                "value": "value"
              }
            ]
          ],
          "private": "eyJlMmJmYjczMC1lY2FhLTExZTYtOGY4OC0zNDM2M2JjN2M0YzAiOnsiY3JlYXRlIjoxODAwMDAwMDAwMDAwLCJkZWxldGUiOjE4MDAwMDAwMDAwMDAsInJlYWQiOjE4MDAwMDAwMDAwMDAsInVwZGF0ZSI6MTgwMDAwMDAwMDAwMH0sInNjaGVtYV92ZXJzaW9uIjoiMCJ9",
          "dependencies": [
            "module.kv.azurerm_key_vault.kv",
            "module.kv.azurerm_role_assignment.kv_secrets_officer",
            "module.kv.data.azurerm_client_config.current",
            "module.kv.time_sleep.wait_for_rbac",
            "module.rg.azurerm_resource_group.rg"
          ]
        }
      ]
    },
    {
      "module": "module.kv",
      "mode": "managed",
      "type": "azurerm_role_assignment",
      "name": "kv_secrets_officer",
      "provider": "provider[\"registry.terraform.io/hashicorp/azurerm\"]",
      "instances": [
        {
          "schema_version": 0,
          "attributes": {
            "condition": "",
            "condition_version": "",
            "delegated_managed_identity_resource_id": "",
            "description": "",
            "id": "/subscriptions/6fb1fdac-61ae-423c-bbd9-e4a355f030ec/resourceGroups/sk-dev-rg/providers/Microsoft.KeyVault/vaults/skdevkv/providers/Microsoft.Authorization/roleAssignments/0dcbfa84-aa22-6bb9-bd09-5cedda0b4616",
            "name": "0dcbfa84-aa22-6bb9-bd09-5cedda0b4616",
            "principal_id": "542a7cef-7f3d-439a-bb9d-c64c653436c7",
            "principal_type": "ServicePrincipal",
            "role_definition_id": "/subscriptions/6fb1fdac-61ae-423c-bbd9-e4a355f030ec/providers/Microsoft.Authorization/roleDefinitions/b86a8fe4-44ce-4948-aee5-eccb2c155cd7",
            "role_definition_name": "Key Vault Secrets Officer",
            "scope": "/subscriptions/6fb1fdac-61ae-423c-bbd9-e4a355f030ec/resourceGroups/sk-dev-rg/providers/Microsoft.KeyVault/vaults/skdevkv",
            "skip_service_principal_aad_check": true,
            "timeouts": null
          },
          "sensitive_attributes": [],
          "private": "eyJlMmJmYjczMC1lY2FhLTExZTYtOGY4OC0zNDM2M2JjN2M0YzAiOnsiY3JlYXRlIjoxODAwMDAwMDAwMDAwLCJkZWxldGUiOjE4MDAwMDAwMDAwMDAsInJlYWQiOjMwMDAwMDAwMDAwMH19",
          "dependencies": [
            "module.kv.azurerm_key_vault.kv",
            "module.kv.data.azurerm_client_config.current",
            "module.rg.azurerm_resource_group.rg"
          ]
        }
      ]
    },
    {
      "module": "module.kv",
      "mode": "managed",
      "type": "time_sleep",
      "name": "wait_for_rbac",
      "provider": "provider[\"registry.terraform.io/hashicorp/time\"]",
      "instances": [
        {
          "schema_version": 0,
          "attributes": {
            "create_duration": "30s",
            "destroy_duration": null,
            "id": "2026-03-11T23:09:22Z",
            "triggers": null
          },
          "sensitive_attributes": [],
          "dependencies": [
            "module.kv.azurerm_key_vault.kv",
            "module.kv.azurerm_role_assignment.kv_secrets_officer",
            "module.kv.data.azurerm_client_config.current",
            "module.rg.azurerm_resource_group.rg"
          ]
        }
      ]
    },
    {
      "module": "module.monitoring",
      "mode": "managed",
      "type": "azurerm_log_analytics_workspace",
      "name": "law",
      "provider": "provider[\"registry.terraform.io/hashicorp/azurerm\"]",
      "instances": [
        {
          "schema_version": 3,
          "attributes": {
            "allow_resource_only_permissions": true,
            "cmk_for_query_forced": false,
            "daily_quota_gb": -1,
            "data_collection_rule_id": "",
            "id": "/subscriptions/6fb1fdac-61ae-423c-bbd9-e4a355f030ec/resourceGroups/sk-dev-rg/providers/Microsoft.OperationalInsights/workspaces/sk-dev-law",
            "identity": [],
            "immediate_data_purge_on_30_days_enabled": false,
            "internet_ingestion_enabled": true,
            "internet_query_enabled": true,
            "local_authentication_disabled": false,
            "local_authentication_enabled": true,
            "location": "northeurope",
            "name": "sk-dev-law",
            "primary_shared_key": "LMJmjor6Cq8in1Gp/3gwbdpQ1mZ+owzgWbKPC8kyBePDD57IJEYCUmW2BQBRLTb+ON9OxVJ4gnZ0Bv9rmDUZtg==",
            "reservation_capacity_in_gb_per_day": null,
            "resource_group_name": "sk-dev-rg",
            "retention_in_days": 30,
            "secondary_shared_key": "0vaCx9WNfP3pyonXnVbvASsVEipyZCptZRAU2o9jAUoc8tkmE1Uvrfn3SEdRxfFg2riUMBkxeMJeylQm7MC7hA==",
            "sku": "PerGB2018",
            "tags": {},
            "timeouts": null,
            "workspace_id": "c1e8e2ce-49e6-4ca7-96c3-8fe4d2ae6eb0"
          },
          "sensitive_attributes": [
            [
              {
                "type": "get_attr",
                "value": "secondary_shared_key"
              }
            ],
            [
              {
                "type": "get_attr",
                "value": "primary_shared_key"
              }
            ]
          ],
          "private": "eyJlMmJmYjczMC1lY2FhLTExZTYtOGY4OC0zNDM2M2JjN2M0YzAiOnsiY3JlYXRlIjoxODAwMDAwMDAwMDAwLCJkZWxldGUiOjE4MDAwMDAwMDAwMDAsInJlYWQiOjMwMDAwMDAwMDAwMCwidXBkYXRlIjoxODAwMDAwMDAwMDAwfSwic2NoZW1hX3ZlcnNpb24iOiIzIn0=",
          "dependencies": [
            "module.rg.azurerm_resource_group.rg"
          ]
        }
      ]
    },
    {
      "module": "module.network",
      "mode": "managed",
      "type": "azurerm_subnet",
      "name": "subnet_app",
      "provider": "provider[\"registry.terraform.io/hashicorp/azurerm\"]",
      "instances": [
        {
          "schema_version": 0,
          "attributes": {
            "address_prefixes": [
              "10.10.1.0/24"
            ],
            "default_outbound_access_enabled": true,
            "delegation": [],
            "id": "/subscriptions/6fb1fdac-61ae-423c-bbd9-e4a355f030ec/resourceGroups/sk-dev-rg/providers/Microsoft.Network/virtualNetworks/sk-dev-vnet/subnets/app",
            "ip_address_pool": [],
            "name": "app",
            "private_endpoint_network_policies": "Disabled",
            "private_link_service_network_policies_enabled": true,
            "resource_group_name": "sk-dev-rg",
            "service_endpoint_policy_ids": [],
            "service_endpoints": [],
            "sharing_scope": "",
            "timeouts": null,
            "virtual_network_name": "sk-dev-vnet"
          },
          "sensitive_attributes": [],
          "private": "eyJlMmJmYjczMC1lY2FhLTExZTYtOGY4OC0zNDM2M2JjN2M0YzAiOnsiY3JlYXRlIjoxODAwMDAwMDAwMDAwLCJkZWxldGUiOjE4MDAwMDAwMDAwMDAsInJlYWQiOjMwMDAwMDAwMDAwMCwidXBkYXRlIjoxODAwMDAwMDAwMDAwfX0=",
          "dependencies": [
            "module.network.azurerm_virtual_network.vnet",
            "module.rg.azurerm_resource_group.rg"
          ]
        }
      ]
    },
    {
      "module": "module.network",
      "mode": "managed",
      "type": "azurerm_virtual_network",
      "name": "vnet",
      "provider": "provider[\"registry.terraform.io/hashicorp/azurerm\"]",
      "instances": [
        {
          "schema_version": 0,
          "attributes": {
            "address_space": [
              "10.10.0.0/16"
            ],
            "bgp_community": "",
            "ddos_protection_plan": [],
            "dns_servers": [],
            "edge_zone": "",
            "encryption": [],
            "flow_timeout_in_minutes": 0,
            "guid": "3a89dde5-d28c-4e5d-9eee-d22f2b720cf9",
            "id": "/subscriptions/6fb1fdac-61ae-423c-bbd9-e4a355f030ec/resourceGroups/sk-dev-rg/providers/Microsoft.Network/virtualNetworks/sk-dev-vnet",
            "ip_address_pool": [],
            "location": "northeurope",
            "name": "sk-dev-vnet",
            "private_endpoint_vnet_policies": "Disabled",
            "resource_group_name": "sk-dev-rg",
            "subnet": [
              {
                "address_prefixes": [
                  "10.10.1.0/24"
                ],
                "default_outbound_access_enabled": true,
                "delegation": [],
                "id": "/subscriptions/6fb1fdac-61ae-423c-bbd9-e4a355f030ec/resourceGroups/sk-dev-rg/providers/Microsoft.Network/virtualNetworks/sk-dev-vnet/subnets/app",
                "name": "app",
                "private_endpoint_network_policies": "Disabled",
                "private_link_service_network_policies_enabled": true,
                "route_table_id": "",
                "security_group": "",
                "service_endpoint_policy_ids": [],
                "service_endpoints": []
              }
            ],
            "tags": {},
            "timeouts": null
          },
          "sensitive_attributes": [],
          "private": "eyJlMmJmYjczMC1lY2FhLTExZTYtOGY4OC0zNDM2M2JjN2M0YzAiOnsiY3JlYXRlIjoxODAwMDAwMDAwMDAwLCJkZWxldGUiOjE4MDAwMDAwMDAwMDAsInJlYWQiOjMwMDAwMDAwMDAwMCwidXBkYXRlIjoxODAwMDAwMDAwMDAwfX0=",
          "dependencies": [
            "module.rg.azurerm_resource_group.rg"
          ]
        }
      ]
    },
    {
      "module": "module.rg",
      "mode": "managed",
      "type": "azurerm_resource_group",
      "name": "rg",
      "provider": "provider[\"registry.terraform.io/hashicorp/azurerm\"]",
      "instances": [
        {
          "schema_version": 0,
          "attributes": {
            "id": "/subscriptions/6fb1fdac-61ae-423c-bbd9-e4a355f030ec/resourceGroups/sk-dev-rg",
            "location": "northeurope",
            "managed_by": "",
            "name": "sk-dev-rg",
            "tags": {},
            "timeouts": null
          },
          "sensitive_attributes": [],
          "private": "eyJlMmJmYjczMC1lY2FhLTExZTYtOGY4OC0zNDM2M2JjN2M0YzAiOnsiY3JlYXRlIjo1NDAwMDAwMDAwMDAwLCJkZWxldGUiOjU0MDAwMDAwMDAwMDAsInJlYWQiOjMwMDAwMDAwMDAwMCwidXBkYXRlIjo1NDAwMDAwMDAwMDAwfX0="
        }
      ]
    }
  ],
  "check_results": null
}
