{
  "version": 4,
  "terraform_version": "1.9.8",
  "serial": 37,
  "lineage": "5a31b359-486a-ad07-149c-fb7c8f05a913",
  "outputs": {
    "acr_login_server": {
      "value": "starterkitacr.azurecr.io",
      "type": "string"
    },
    "acr_name": {
      "value": "starterkitacr",
      "type": "string"
    },
    "aks_name": {
      "value": "sk-dev-aks",
      "type": "string"
    },
    "docker_vm_ip": {
      "value": "20.223.204.151",
      "type": "string"
    },
    "kv_name": {
      "value": "skdevkv",
      "type": "string"
    },
    "kv_uri": {
      "value": "https://skdevkv.vault.azure.net/",
      "type": "string"
    }
  },
  "resources": [
    {
      "mode": "managed",
      "type": "azurerm_role_assignment",
      "name": "aks_acr_pull",
      "provider": "provider[\"registry.terraform.io/hashicorp/azurerm\"]",
      "instances": [
        {
          "schema_version": 0,
          "attributes": {
            "condition": "",
            "condition_version": "",
            "delegated_managed_identity_resource_id": "",
            "description": "",
            "id": "/subscriptions/6fb1fdac-61ae-423c-bbd9-e4a355f030ec/resourceGroups/sk-dev-rg/providers/Microsoft.ContainerRegistry/registries/starterkitacr/providers/Microsoft.Authorization/roleAssignments/84064114-0daf-cd75-8c69-fc92c2d93edc",
            "name": "84064114-0daf-cd75-8c69-fc92c2d93edc",
            "principal_id": "20d110f3-62c3-4b0b-8486-1cf702ac9889",
            "principal_type": "ServicePrincipal",
            "role_definition_id": "/subscriptions/6fb1fdac-61ae-423c-bbd9-e4a355f030ec/providers/Microsoft.Authorization/roleDefinitions/7f951dda-4ed3-4680-a7ca-43fe172d538d",
            "role_definition_name": "AcrPull",
            "scope": "/subscriptions/6fb1fdac-61ae-423c-bbd9-e4a355f030ec/resourceGroups/sk-dev-rg/providers/Microsoft.ContainerRegistry/registries/starterkitacr",
            "skip_service_principal_aad_check": null,
            "timeouts": null
          },
          "sensitive_attributes": [],
          "private": "eyJlMmJmYjczMC1lY2FhLTExZTYtOGY4OC0zNDM2M2JjN2M0YzAiOnsiY3JlYXRlIjoxODAwMDAwMDAwMDAwLCJkZWxldGUiOjE4MDAwMDAwMDAwMDAsInJlYWQiOjMwMDAwMDAwMDAwMH19",
          "dependencies": [
            "module.acr.azurerm_container_registry.acr",
            "module.aks.azurerm_kubernetes_cluster.aks",
            "module.rg.azurerm_resource_group.rg"
          ]
        }
      ]
    },
    {
      "module": "module.acr",
      "mode": "managed",
      "type": "azurerm_container_registry",
      "name": "acr",
      "provider": "provider[\"registry.terraform.io/hashicorp/azurerm\"]",
      "instances": [
        {
          "schema_version": 2,
          "attributes": {
            "admin_enabled": false,
            "admin_password": "",
            "admin_username": "",
            "anonymous_pull_enabled": false,
            "data_endpoint_enabled": false,
            "data_endpoint_host_names": [],
            "encryption": [],
            "export_policy_enabled": true,
            "georeplications": [],
            "id": "/subscriptions/6fb1fdac-61ae-423c-bbd9-e4a355f030ec/resourceGroups/sk-dev-rg/providers/Microsoft.ContainerRegistry/registries/starterkitacr",
            "identity": [],
            "location": "northeurope",
            "login_server": "starterkitacr.azurecr.io",
            "name": "starterkitacr",
            "network_rule_bypass_option": "AzureServices",
            "network_rule_set": [],
            "public_network_access_enabled": true,
            "quarantine_policy_enabled": false,
            "resource_group_name": "sk-dev-rg",
            "retention_policy_in_days": 0,
            "sku": "Basic",
            "tags": {},
            "timeouts": null,
            "trust_policy_enabled": false,
            "zone_redundancy_enabled": false
          },
          "sensitive_attributes": [
            [
              {
                "type": "get_attr",
                "value": "admin_password"
              }
            ]
          ],
          "private": "eyJlMmJmYjczMC1lY2FhLTExZTYtOGY4OC0zNDM2M2JjN2M0YzAiOnsiY3JlYXRlIjoxODAwMDAwMDAwMDAwLCJkZWxldGUiOjE4MDAwMDAwMDAwMDAsInJlYWQiOjMwMDAwMDAwMDAwMCwidXBkYXRlIjoxODAwMDAwMDAwMDAwfSwic2NoZW1hX3ZlcnNpb24iOiIyIn0=",
          "dependencies": [
            "module.rg.azurerm_resource_group.rg"
          ]
        }
      ]
    },
    {
      "module": "module.aks",
      "mode": "managed",
      "type": "azurerm_kubernetes_cluster",
      "name": "aks",
      "provider": "provider[\"registry.terraform.io/hashicorp/azurerm\"]",
      "instances": [
        {
          "schema_version": 2,
          "attributes": {
            "aci_connector_linux": [],
            "ai_toolchain_operator_enabled": false,
            "api_server_access_profile": [],
            "auto_scaler_profile": [],
            "automatic_upgrade_channel": "",
            "azure_active_directory_role_based_access_control": [],
            "azure_policy_enabled": false,
            "bootstrap_profile": [
              {
                "artifact_source": "Direct",
                "container_registry_id": ""
              }
            ],
            "confidential_computing": [],
            "cost_analysis_enabled": false,
            "current_kubernetes_version": "1.33.7",
            "custom_ca_trust_certificates_base64": [],
            "default_node_pool": [
              {
                "auto_scaling_enabled": false,
                "capacity_reservation_group_id": "",
                "fips_enabled": false,
                "gpu_driver": "",
                "gpu_instance": "",
                "host_encryption_enabled": false,
                "host_group_id": "",
                "kubelet_config": [],
                "kubelet_disk_type": "OS",
                "linux_os_config": [],
                "max_count": 0,
                "max_pods": 250,
                "min_count": 0,
                "name": "nodepool1",
                "node_count": 1,
                "node_labels": {},
                "node_network_profile": [],
                "node_public_ip_enabled": false,
                "node_public_ip_prefix_id": "",
                "only_critical_addons_enabled": false,
                "orchestrator_version": "1.33",
                "os_disk_size_gb": 128,
                "os_disk_type": "Managed",
                "os_sku": "Ubuntu",
                "pod_subnet_id": "",
                "proximity_placement_group_id": "",
                "scale_down_mode": "Delete",
                "snapshot_id": "",
                "tags": {},
                "temporary_name_for_rotation": "",
                "type": "VirtualMachineScaleSets",
                "ultra_ssd_enabled": false,
                "upgrade_settings": [
                  {
                    "drain_timeout_in_minutes": 0,
                    "max_surge": "10%",
                    "node_soak_duration_in_minutes": 0,
                    "undrainable_node_behavior": ""
                  }
                ],
                "vm_size": "Standard_DS2_v2",
                "vnet_subnet_id": "",
                "workload_runtime": "",
                "zones": []
              }
            ],
            "disk_encryption_set_id": "",
            "dns_prefix": "sk-dev-dns",
            "dns_prefix_private_cluster": "",
            "edge_zone": "",
            "fqdn": "sk-dev-dns-5t5sj6nl.hcp.northeurope.azmk8s.io",
            "http_application_routing_enabled": false,
            "http_application_routing_zone_name": "",
            "http_proxy_config": [],
            "id": "/subscriptions/6fb1fdac-61ae-423c-bbd9-e4a355f030ec/resourceGroups/sk-dev-rg/providers/Microsoft.ContainerService/managedClusters/sk-dev-aks",
            "identity": [
              {
                "identity_ids": [],
                "principal_id": "d3b2e993-46d7-4cb6-9bf9-34c86d24cbc2",
                "tenant_id": "ec7789f0-7ef2-4ff6-89b1-a74d3fc8f81c",
                "type": "SystemAssigned"
              }
            ],
            "image_cleaner_enabled": null,
            "image_cleaner_interval_hours": null,
            "ingress_application_gateway": [],
            "key_management_service": [],
            "key_vault_secrets_provider": [],
            "kube_admin_config": [],
            "kube_admin_config_raw": "",
            "kube_config": [
              {
                "client_certificate": "LS0tLS1CRUdJTiBDRVJUSUZJQ0FURS0tLS0tCk1JSUZIakNDQXdhZ0F3SUJBZ0lSQU9kcFpvN1dQeCs5ekhQZEFoNlZXend3RFFZSktvWklodmNOQVFFTEJRQXcKRFRFTE1Ba0dBMVVFQXhNQ1kyRXdIaGNOTWpZd016RXdNakV6TXpBNVdoY05Namd3TXpFd01qRTBNekE1V2pBdwpNUmN3RlFZRFZRUUtFdzV6ZVhOMFpXMDZiV0Z6ZEdWeWN6RVZNQk1HQTFVRUF4TU1iV0Z6ZEdWeVkyeHBaVzUwCk1JSUNJakFOQmdrcWhraUc5dzBCQVFFRkFBT0NBZzhBTUlJQ0NnS0NBZ0VBeHB3VXFhK1pLS2lHMFVGVDZ4RHkKRlNCQ0luVUI3ckU2eVZJV1JsdVV5ejJwSU5IOFZ0dnJNZklUVEUrMUVQMGRmY0VjSFczYmJkQU1JcFhtQ2xiWAppb1hFL0F1VlBFdlNXV0ZiclVuZUt3SWgwcjhXVUtHSHEyZzE4aS9PQzlpbTc0US9jcXBuUlpDbDVtdmdJTWo4ClZCeUJKdWxIclhPV1pQZERxUU5kdU9RYWlINjVDYzVEdjdpQVBTUzlTSUxxQ0drUWEvbTlsejVYazdCenBBL2QKNTYyWDVEekw1V3BHZ0hyNk0ycmZzTDVENGxocDQvMkhtV3RaZTNycDBxM3FrQ2FXbXRKcVFoamJmdUZ4cExKRQpOaVNnU3BqejZGNWhENkJiYXFjU0dxTEdkbXVLNzdraEdBME1zbGRObmNkTllUcTVWV0xLYm0vSHNjSkJML0hwCk16L3QvVUdyZjZlNG5DNVZWU2gvUUhPeEd3c1ZkN1R3YXF4M0hqWkVYajFkNUdNK3F6Umd0UzBHWUFEejU5WlQKQ2VHNkxhNXpxQURCQm1kT1g3cWx0SXUrdUFaS2JkMHozSVZMTlcxV2I5QkNrcjdMOXB5MTBLQm1USG5yZ01qRgo0dnUxbm03Q0xqdGx3REliUU1UdWlsSlJvcTdmWHRrY2x0R1Qxazk2dkRkZVgrdXVMb1JjV0NPeEhWZ1R3M3J1CkdTc01WSUdpVmZRU1plZ2t0OCtMdDZxeENzYnc4QXJqbkZsTEZ2T2RXcm1kdGNVNzBLSHNjUGJ6V0FVcFRRMWoKdlZDUUpiZW1UaGlWS2V5ZTBlaE9xcU4xRjVNei9qU2c4bnkrNDNqVG5Kc25vKyt4YU9MVjdKRGZicUdvbENNbwpnYTNzdGtldWw0VDFwd1grejFQYSt4a0NBd0VBQWFOV01GUXdEZ1lEVlIwUEFRSC9CQVFEQWdXZ01CTUdBMVVkCkpRUU1NQW9HQ0NzR0FRVUZCd01DTUF3R0ExVWRFd0VCL3dRQ01BQXdId1lEVlIwakJCZ3dGb0FVeDRmLzVXNGUKTjVqdWxoL1dSaWVuOTVqRG5MUXdEUVlKS29aSWh2Y05BUUVMQlFBRGdnSUJBRXZoNGhxbTk0VnA5d200TXI4UQpPRTFPeTVuMTE2cGQ2TkdoY3dXTHNjSWVVSEJLRVY2K2M5UnpNc202eWFaZm0xekR5SFFFR3dpMVlJcXZmcjZHCmRUeElzMkl5Wk1lUnFQWjZYUkwzY1RDNEdyZlBsL2lYYzhWSkp2MXgzVHgvN1hDUFBpMG1CYnc0eFlUNTNCSWkKcTN0UDNab2JuRjdPRUtIMW1uZTdMVWtKRFhjVU5ZWG1EdVFXRWFEOU1OUVdUNUQrY21HZzBnQ21UOVptYWtkagovZWorMG0xWGorZy95OTFqdHhtb3pKejgweE9DVUdhOFI0Y2Evdmd2d215NDc1bTd6U3lWZFVXVFVJS0ZzTHBjCjdkRXpiOE91U0toTWtsVUhPRi9yNDN1OVEzQnllTmE2RjViYktJME4zM0E3b3kvWXdkYVNNcTY0OXhRcXBwMWcKRHFSZGg1Y2VGT01XOWUzZEVTMEE4ZzBLL1JWYkxoRzZ0NE05U29jQkJKNGtjWFl5UUZsU3NoNWhxNDNCVi9zVwp3Ty9XWk9lWXd2eWRNczFlS0luVDM2QUJMWHFQWEE1VWlJU1Qxa0IzTUcrd2JrRmtYNlZsMis1b3h6MkZLazd1CkRPTFQwMU53dldaZE41Snc2VFpNQnFMaXhUa3prK1ZySEFSN2pobUJWRDRmM3BDbmtpWmVjUVJoekVKb1dBc0cKRUc1cjNKeTBmMUJzMzZXMDVvRSs1RFhZRE5sL1E5cFo0Zi8zT0hrUzl1WmE0S21jWnNLWXJuNkdCVnBJUEtSawo5Q1VQUXVoTzlsTzZxcUZBckFiT3N2eVF0SFJmTVFLTllKTUNuOXNLWDVqMGZUTndLMUliMDlaK3NXeEZEQjc5CitWbE9pd0hiVUVHanlWUkhZYXhPbzdERQotLS0tLUVORCBDRVJUSUZJQ0FURS0tLS0tCg==",
                "client_key": "LS0tLS1CRUdJTiBSU0EgUFJJVkFURSBLRVktLS0tLQpNSUlKS0FJQkFBS0NBZ0VBeHB3VXFhK1pLS2lHMFVGVDZ4RHlGU0JDSW5VQjdyRTZ5VklXUmx1VXl6MnBJTkg4ClZ0dnJNZklUVEUrMUVQMGRmY0VjSFczYmJkQU1JcFhtQ2xiWGlvWEUvQXVWUEV2U1dXRmJyVW5lS3dJaDByOFcKVUtHSHEyZzE4aS9PQzlpbTc0US9jcXBuUlpDbDVtdmdJTWo4VkJ5Qkp1bEhyWE9XWlBkRHFRTmR1T1FhaUg2NQpDYzVEdjdpQVBTUzlTSUxxQ0drUWEvbTlsejVYazdCenBBL2Q1NjJYNUR6TDVXcEdnSHI2TTJyZnNMNUQ0bGhwCjQvMkhtV3RaZTNycDBxM3FrQ2FXbXRKcVFoamJmdUZ4cExKRU5pU2dTcGp6NkY1aEQ2QmJhcWNTR3FMR2RtdUsKNzdraEdBME1zbGRObmNkTllUcTVWV0xLYm0vSHNjSkJML0hwTXovdC9VR3JmNmU0bkM1VlZTaC9RSE94R3dzVgpkN1R3YXF4M0hqWkVYajFkNUdNK3F6Umd0UzBHWUFEejU5WlRDZUc2TGE1enFBREJCbWRPWDdxbHRJdSt1QVpLCmJkMHozSVZMTlcxV2I5QkNrcjdMOXB5MTBLQm1USG5yZ01qRjR2dTFubTdDTGp0bHdESWJRTVR1aWxKUm9xN2YKWHRrY2x0R1Qxazk2dkRkZVgrdXVMb1JjV0NPeEhWZ1R3M3J1R1NzTVZJR2lWZlFTWmVna3Q4K0x0NnF4Q3Nidwo4QXJqbkZsTEZ2T2RXcm1kdGNVNzBLSHNjUGJ6V0FVcFRRMWp2VkNRSmJlbVRoaVZLZXllMGVoT3FxTjFGNU16Ci9qU2c4bnkrNDNqVG5Kc25vKyt4YU9MVjdKRGZicUdvbENNb2dhM3N0a2V1bDRUMXB3WCt6MVBhK3hrQ0F3RUEKQVFLQ0FnQmM2a0F3Y2xvd3owYmpOckRQMUFtdElINVFLSFZTK2M4S3lFQnJnZ1RHWUg1elFFblJTT2xyWUZqdQo1b3RLKzErRXFZZEJyVmR1dEZvNUErK3UvcG12MEkwcmJTL1FHWmk2Ly9VbnlOc0xPK0FlL0E2d2dpRTZhM0p4CmJ6UHlEdFZxVUhCdWNKSUgxWGdIcUlnZVRtamQ0TWY3TUQrOFFjc21TUmQ2Um56ZU5yakRDcVgrbEdUVm1MZEYKNDU0NkFpVUM4a1FnZjZIVzArK2N4SHdWVU9iN3NCYlRUQzRIa2dTUnJ2YkdmMFZQSm5RVHZGRXR2RHBuNS9UZwo4OHZZS0UwSVMwVkNBUlo4L2F3U1c5NFNzdU4rZ1B3TWFpb1JsN1hJM2JobTJPcDdVNU9OYXhxQXRCZHJiUTkzCmo2aGNIQlZ6VzBuQlRJcHZ5Qk9nY2NTVmJaTXU5ckZIRWdOc2cxUGluVXYwRHl3N3NBb1YrZjF1cUJYbXp0azQKRCtwUENaUVV0d20zZVpIdFFWeGNRTnQwOFIzOFVqSDFNd3dGdWxxRFJVZEVCVnMzNE52Tjl5NU9PL0ZKeHR1egpndW5OMFEyWVc4RE9zYkNTZnVsSm93cVo4eDE2aS9lWEFOWU1sQWkyNjVtbFBiTTUza3V1dTVYaDdGaFNGQ3FWCnYzNlQ0RWVYR250STV3SDJkN1JQMVNETk9iOVcvZU40V0lIUmFVR2p4NHoxZ2NVN1laMWkrdHI5MjZROFlEWW0KSW1HRzloNmR6Vis4MzMxemJEUWN2OXdMRlh1Z1NTaE4yb3R3YnB0UjhDcDlLbGp5Z1Q5UTVrTDhNdEd6UjRtTApmTEs3ZzV5SVR6alFvOUR3cGNyenQxL1FmNHQ1T1NRbkN3QWxLdHpVSjBoSFhkcmNrUUtDQVFFQStiUmFrTWxsCmNlOFVNek9nQ1VwcWl1dllzN2ZjT051K2lIaUhxOEhUZGJGVHE5ci9qdnNHT0F4dFcweDJqVXJqTU5vQjhyanYKdy9hYkFVVkF4VVNWc2VSRVFQakx5eldIT3l3VWhlNDgyUGowRzF5NWczM0VsUmxjUmphTWFrL3pUdGl3SUdZawp1aFJiaWZHTUpxYklWVk5QaFk3bncrSXN3RUlDSllzVEoyMFcyei9ZL2xWWlNMY1JqbDlteVpLb05pUjUwWGRtClB1bDFIMFVINDdKbG1RUTk5RGVlb0UyWjFaV0R4ZDMwcWdvL2NvUG02Y0hCZ0h6NUNEdXZ1K2VMMU80RmxPeVIKRm1Ra2NCdWlsZUowWkhibjFRSit3TDY4UytlV2pZcFNMR0dDVDlUdjNsbEVrN0svdkZUR3MrbW9PaXBONUV5bAplRE55SnhoUWV1QWZFd0tDQVFFQXk1M3pPSWNBM3ZzbExadmVQaW9YUEEwLzV3MGNoaW1XMDNobTFxT01jMnEzCnN5a3JLdkpFamhoazA1em9MZXZSTUdmZnoxdUcvUGJLNjVOSHFvb2ZwdVBIdmtUL0lpRUZHUzRyNTFSSmxocEkKT1o0K1VEdUUyZDlhWDQ2alhQWm9HVENyY0VpZTZiWUlJK1pkOUZneGh0bUxZSlYwT2JiTndpQklYNXJkMy95VQpTem5XTUdjalB2TG5FaVFHK0laYUt5aGxJQm9GU25XZGNmOTVTclliMzIvbzE2OFBDQXJ3SkR3dldKRkRtTEtHCkJVRVljMUFaMHNlbnV2V2JDTklVWXVGS1hHMXVYd3FrVlpEdkZ1d1dmOFZiakhhKzlqQmhWTlo1UU85aFNvay8KRllQVmhycG9BZ1ZMTG9IdFRWaWdiNG9wdlZUckxaS2ZMV3F5dzdoR293S0NBUUVBMTRyNkhqN3FaWFhGVHdsQwpIS0x5NHVZQWtlbWtuQ1A3RFJ4VnFFcFFlU2hQbkdvVzdWbjhIVWVFNGlsWHNGRXpXWWpsNDVvRnhYZEtoOGM2CnlNMlNGaE4vWTBJZjBGSnRZQU9GMTdJMUxlbC85VnFOL0ZZRTZkc1JUcjVwYUorSTI4ZXFDTjJDMkdrWU56T2QKRWdRbnE1ZVZiaWxVSUQ5TTk4eEN4QnVQdGhteGdDSlY4ZnpFYkVNeVVWNUNnTDhxbWtuVUtaN1NVSDMvRHJYcwp3SHpPdkUzd0dLNG1MQ093SmJEQkpYeVpaR29pS0h4NVI5QnJjcmp0MGxDTE9qejk5QmhlRXhZOWkwRjRQcGxzCk44dFpReHRzdE85SmNLRjBNbVUvRFFDWVBCMFRla3ZKbm5vWit4Qng5MlNLZk9TMXhUZWRNdk9DWmdhcWc5cTIKSmNydXB3S0NBUUJjTm53ZjdZUUhkOVd1Z2hoMExydTNCb2thS21Yd25JVWg0RFV5bjM3TUJsaUxXdW1oMlhZUwpwQm1GZkZucDhoSWF5ZkFpQ0dGcHpwcTNkVXZQZ0I0MWhwSy9LS0FpNUxGYVpmNmNGUi8rU29qTEQwOUpKcXRUCndFTTlZMnU0Zmg5R3lUUGE5Z2lCNzE1Z1k4UEpGT2ZaR2t4MHdUcVJxS2dtY2xoVWM5NW53Z3VteGRxcXNRclYKUjB3K2V2SnRPdXM3QUdCTDJYenI2N2dTR0pEbHRQT0tqVFAxK2VIazBvOU8yYkxYZVhJVGhVWU11eDVIbXM4WApGalJ3QnlyZkk4VDN3dS9hUy9UZ05nR1dmcnpJdE1LN3VyVnJONXZrQXFVUnRzL1RDSllYRzNEbVhYNG1OZVZFCmhRRTNYc0FKZDBteE9mRU5QWmdFVzVLYkR1ZEdtLzNoQW9JQkFIZzBqQ054TlEyamZ6bnBiY05uRzI0Z2hZNmkKd3ZyMG0zakZmOVlJMUJiMmhDdUU2blc0TGZ5ZVdGcTMyWkM1VVptUWxqWU94NXVTT2VYYVpDc0d5b0JuakFhcgp2OVd4dWtTa1NEd0RQVm1FektCczJDYVpHb0FwaUJxK0RvNWd1VEpCZitSbWI2WXFBMjhUeHg1SStCbFJicTRECkhUYkNYVjQwRVNLQ21tL0JrMVM5MXlJMVhnNjZkOEc5S2J6L0tRdWYrMHNacU5KRnhMQm9LZnFHd292Y3ArTXkKUG1oQ2hOMlNnVVI1TTV1bGxYZlJjRDdCRUFEQXdheWp4ZXFLTnpVUWsvV0Y2NmM4OFl2N3Y5aWRUcm9LYXJxYgo4OXlOVkVkV3hnb3VKRW0ycnNzNzRpYTBRRDJVRTRBZVNlVnZIdWxENmFYU2ZUeFV3MFVCOGJxcHNiWT0KLS0tLS1FTkQgUlNBIFBSSVZBVEUgS0VZLS0tLS0K",
                "cluster_ca_certificate": "LS0tLS1CRUdJTiBDRVJUSUZJQ0FURS0tLS0tCk1JSUU2RENDQXRDZ0F3SUJBZ0lRZXp6UDM2Rll6SnQ4RkFYWTZ0R0xTVEFOQmdrcWhraUc5dzBCQVFzRkFEQU4KTVFzd0NRWURWUVFERXdKallUQWdGdzB5TmpBek1UQXlNVE16TURsYUdBOHlNRFUyTURNeE1ESXhORE13T1ZvdwpEVEVMTUFrR0ExVUVBeE1DWTJFd2dnSWlNQTBHQ1NxR1NJYjNEUUVCQVFVQUE0SUNEd0F3Z2dJS0FvSUNBUUMxCnpnNUVnazFVMWJPN1BkRGw4eXZiZ2g2aFMwa21nWlg4UzNkQ3p3QzUxbW0xZCsxQ2hVWkd0ck1nRWtqbDl0NDcKT0ZGLzVlaGtDbVdDSm1kQjVwcWNDdUxOUkZESWxBdktjS0QydGZTRG1UVzhpY1VQMGM2VzV2enlTeEE4T25uOQpVc2N0ZHZGZFJjYVRpRTRGbWRPQVZoWVA5UVFlS1ZnMGJmTTVDVlhhOEVTNHdYUjZGak1NQzR2L0ZFbUl1bzR5Cmw1b2thY25EbVR0YkVUMTdLRnl5T3F4S3hLM2V2d0ZFckJ4bG5PVUtrK1ZVRzVuem0wblVoSWh5N3MwSEVHeXoKUml2WkptcGVIbE5RQkZ2dSs1ZGZHTjMvbmxEOXBKSWZRbWJvOExYRC85Zy9sNkMrM2Z0N0FOcXYzVyt2NEZjSgpsY0tuTSs2VzlaSCsyZW1DUUl0dlVQejYza2JmMWV5Nk9oZVI5VnIwUjVLUys2U2hDNnFlRjNTWFdIaVA1TE9tClB6N0w1NGFjWndjOUZrTTBCbVkrQWZOZ210ekNXNFNaWm1JclR3UmFhT0doSndJNGw1dG5haFdDekM2MkI3K3YKY05MVWwyTS9ta1gybG5TQUswVmJRNS9HWHlTNWxpTElIVE0wTU9jeGxPaXdOLzh0UVVlOE56TVZWQ1RWRUFOZApxdkpSTkZ4R2VVeUxYK0xkV3hWb1ZQR1Fqak1vVmt1VWlzdHRUVjlVK2hDK1ZkbEs2cDBCd0JWNkV3SS9JbjVhClcwRHZlQlZVWW5kVUZLZ1BPR3hrWTE3WnFKamlQVjQzWDI4TE1YK3MrM1NpdlZNM29JV3N6dk1kZ3Q5R1JhTU8KSDMzRUpsZWRLbnV0enZSMldrRWFqSWo5NzFPZzQwN0FqNldHelhOUWF3SURBUUFCbzBJd1FEQU9CZ05WSFE4QgpBZjhFQkFNQ0FxUXdEd1lEVlIwVEFRSC9CQVV3QXdFQi96QWRCZ05WSFE0RUZnUVV4NGYvNVc0ZU41anVsaC9XClJpZW45NWpEbkxRd0RRWUpLb1pJaHZjTkFRRUxCUUFEZ2dJQkFMQlZRSHJQaEJDYlpXSHNjOWZPRGhJblJ4cGgKZjhzNngzOWFPZXZ5NlF2ckNlVTJsOFRVN3V6Ly9vNjNRMUxFNWJyaXNvZVRCUVA3dzF4M0pNQXVoeDVMTFpaaQpId3NEcFJodVRWeXh4MzJmUXdmRHVPa1I5NWtzM1ZtRlQ3Yk1LUGdyZm5mRzl4TXVMZW9OU0NjaENZL1NyR21hCmVzYmtQdzVoT0owL3crb3NVYzJyUFJsbnowT0k2V2w4MGZkVDdtc09ZZWQ2M2pIQzdPVEtzVGd1d3QreUV5RlcKVi95T1ZzUjlsa1QwaitvcmdkWHg1UlIzMytDMFVyeWU1eUcvaEJCVzAxR1BHdCtBVitFbFZ6Q09Fenc0bExNZgoxTDFLVEtGVjRpQllWRzhrQ1pLci9wSlVHZkRPbHdWR3cveWNIb2hJM2MrZ1ZuMVBZZVpIWHZlcjByUHpqN0R5ClZFWW9sS2cvcDRNaG9YV2gxbGZkcm1GUW9UL3h5SldDVk9yc055NGxvSTNjWThibGtSUXB2M2JMZi9UWU96Q3EKOTBnd0JOREZveEpSdm1GM3dyNHhMN2ljSzFuMmJkR3Y3c3NlQS9POTJmV25BdW5kaktValNFVmVqSGpvazVZMApnKzczT2tDU3RpWElYMzRzOThLRjhuQ01BSXRQYXE0NFp3ZTNTMk9vSENhUTBuZnphYlJtT3IrUVplSWRvSW91CjFBZzNnQlI1RmZpaWd0TTRnZWM5UFE5a1JrZytXRnlOOEdTNXJnazVQSnJTNTBranNTUjdHWFltSDh4elRaYXQKaHdpYWEzTUg5ZXdlRGNBcG1zbHRrWkxSSHdIVjdEM3AwSmFjTW1yQWNlOFdmZ1JiRWluTjBqdlR6SmN2WnVJUApYWjdCb2ZiV25EaXBkdjJlCi0tLS0tRU5EIENFUlRJRklDQVRFLS0tLS0K",
                "host": "https://sk-dev-dns-5t5sj6nl.hcp.northeurope.azmk8s.io:443",
                "password": "kbqnk913mst76ydr3fva8v432hung4fl3fahhwivfi3mvxo54gq6al8xh042za14tt3bnxeo0j6sneo992rjxaa0mbtfjdu13qtiqwcqvd00lwr6244h11g0jwwm3mgm",
                "username": "clusterUser_sk-dev-rg_sk-dev-aks"
              }
            ],
            "kube_config_raw": "apiVersion: v1\nclusters:\n- cluster:\n    certificate-authority-data: LS0tLS1CRUdJTiBDRVJUSUZJQ0FURS0tLS0tCk1JSUU2RENDQXRDZ0F3SUJBZ0lRZXp6UDM2Rll6SnQ4RkFYWTZ0R0xTVEFOQmdrcWhraUc5dzBCQVFzRkFEQU4KTVFzd0NRWURWUVFERXdKallUQWdGdzB5TmpBek1UQXlNVE16TURsYUdBOHlNRFUyTURNeE1ESXhORE13T1ZvdwpEVEVMTUFrR0ExVUVBeE1DWTJFd2dnSWlNQTBHQ1NxR1NJYjNEUUVCQVFVQUE0SUNEd0F3Z2dJS0FvSUNBUUMxCnpnNUVnazFVMWJPN1BkRGw4eXZiZ2g2aFMwa21nWlg4UzNkQ3p3QzUxbW0xZCsxQ2hVWkd0ck1nRWtqbDl0NDcKT0ZGLzVlaGtDbVdDSm1kQjVwcWNDdUxOUkZESWxBdktjS0QydGZTRG1UVzhpY1VQMGM2VzV2enlTeEE4T25uOQpVc2N0ZHZGZFJjYVRpRTRGbWRPQVZoWVA5UVFlS1ZnMGJmTTVDVlhhOEVTNHdYUjZGak1NQzR2L0ZFbUl1bzR5Cmw1b2thY25EbVR0YkVUMTdLRnl5T3F4S3hLM2V2d0ZFckJ4bG5PVUtrK1ZVRzVuem0wblVoSWh5N3MwSEVHeXoKUml2WkptcGVIbE5RQkZ2dSs1ZGZHTjMvbmxEOXBKSWZRbWJvOExYRC85Zy9sNkMrM2Z0N0FOcXYzVyt2NEZjSgpsY0tuTSs2VzlaSCsyZW1DUUl0dlVQejYza2JmMWV5Nk9oZVI5VnIwUjVLUys2U2hDNnFlRjNTWFdIaVA1TE9tClB6N0w1NGFjWndjOUZrTTBCbVkrQWZOZ210ekNXNFNaWm1JclR3UmFhT0doSndJNGw1dG5haFdDekM2MkI3K3YKY05MVWwyTS9ta1gybG5TQUswVmJRNS9HWHlTNWxpTElIVE0wTU9jeGxPaXdOLzh0UVVlOE56TVZWQ1RWRUFOZApxdkpSTkZ4R2VVeUxYK0xkV3hWb1ZQR1Fqak1vVmt1VWlzdHRUVjlVK2hDK1ZkbEs2cDBCd0JWNkV3SS9JbjVhClcwRHZlQlZVWW5kVUZLZ1BPR3hrWTE3WnFKamlQVjQzWDI4TE1YK3MrM1NpdlZNM29JV3N6dk1kZ3Q5R1JhTU8KSDMzRUpsZWRLbnV0enZSMldrRWFqSWo5NzFPZzQwN0FqNldHelhOUWF3SURBUUFCbzBJd1FEQU9CZ05WSFE4QgpBZjhFQkFNQ0FxUXdEd1lEVlIwVEFRSC9CQVV3QXdFQi96QWRCZ05WSFE0RUZnUVV4NGYvNVc0ZU41anVsaC9XClJpZW45NWpEbkxRd0RRWUpLb1pJaHZjTkFRRUxCUUFEZ2dJQkFMQlZRSHJQaEJDYlpXSHNjOWZPRGhJblJ4cGgKZjhzNngzOWFPZXZ5NlF2ckNlVTJsOFRVN3V6Ly9vNjNRMUxFNWJyaXNvZVRCUVA3dzF4M0pNQXVoeDVMTFpaaQpId3NEcFJodVRWeXh4MzJmUXdmRHVPa1I5NWtzM1ZtRlQ3Yk1LUGdyZm5mRzl4TXVMZW9OU0NjaENZL1NyR21hCmVzYmtQdzVoT0owL3crb3NVYzJyUFJsbnowT0k2V2w4MGZkVDdtc09ZZWQ2M2pIQzdPVEtzVGd1d3QreUV5RlcKVi95T1ZzUjlsa1QwaitvcmdkWHg1UlIzMytDMFVyeWU1eUcvaEJCVzAxR1BHdCtBVitFbFZ6Q09Fenc0bExNZgoxTDFLVEtGVjRpQllWRzhrQ1pLci9wSlVHZkRPbHdWR3cveWNIb2hJM2MrZ1ZuMVBZZVpIWHZlcjByUHpqN0R5ClZFWW9sS2cvcDRNaG9YV2gxbGZkcm1GUW9UL3h5SldDVk9yc055NGxvSTNjWThibGtSUXB2M2JMZi9UWU96Q3EKOTBnd0JOREZveEpSdm1GM3dyNHhMN2ljSzFuMmJkR3Y3c3NlQS9POTJmV25BdW5kaktValNFVmVqSGpvazVZMApnKzczT2tDU3RpWElYMzRzOThLRjhuQ01BSXRQYXE0NFp3ZTNTMk9vSENhUTBuZnphYlJtT3IrUVplSWRvSW91CjFBZzNnQlI1RmZpaWd0TTRnZWM5UFE5a1JrZytXRnlOOEdTNXJnazVQSnJTNTBranNTUjdHWFltSDh4elRaYXQKaHdpYWEzTUg5ZXdlRGNBcG1zbHRrWkxSSHdIVjdEM3AwSmFjTW1yQWNlOFdmZ1JiRWluTjBqdlR6SmN2WnVJUApYWjdCb2ZiV25EaXBkdjJlCi0tLS0tRU5EIENFUlRJRklDQVRFLS0tLS0K\n    server: https://sk-dev-dns-5t5sj6nl.hcp.northeurope.azmk8s.io:443\n  name: sk-dev-aks\ncontexts:\n- context:\n    cluster: sk-dev-aks\n    user: clusterUser_sk-dev-rg_sk-dev-aks\n  name: sk-dev-aks\ncurrent-context: sk-dev-aks\nkind: Config\nusers:\n- name: clusterUser_sk-dev-rg_sk-dev-aks\n  user:\n    client-certificate-data: LS0tLS1CRUdJTiBDRVJUSUZJQ0FURS0tLS0tCk1JSUZIakNDQXdhZ0F3SUJBZ0lSQU9kcFpvN1dQeCs5ekhQZEFoNlZXend3RFFZSktvWklodmNOQVFFTEJRQXcKRFRFTE1Ba0dBMVVFQXhNQ1kyRXdIaGNOTWpZd016RXdNakV6TXpBNVdoY05Namd3TXpFd01qRTBNekE1V2pBdwpNUmN3RlFZRFZRUUtFdzV6ZVhOMFpXMDZiV0Z6ZEdWeWN6RVZNQk1HQTFVRUF4TU1iV0Z6ZEdWeVkyeHBaVzUwCk1JSUNJakFOQmdrcWhraUc5dzBCQVFFRkFBT0NBZzhBTUlJQ0NnS0NBZ0VBeHB3VXFhK1pLS2lHMFVGVDZ4RHkKRlNCQ0luVUI3ckU2eVZJV1JsdVV5ejJwSU5IOFZ0dnJNZklUVEUrMUVQMGRmY0VjSFczYmJkQU1JcFhtQ2xiWAppb1hFL0F1VlBFdlNXV0ZiclVuZUt3SWgwcjhXVUtHSHEyZzE4aS9PQzlpbTc0US9jcXBuUlpDbDVtdmdJTWo4ClZCeUJKdWxIclhPV1pQZERxUU5kdU9RYWlINjVDYzVEdjdpQVBTUzlTSUxxQ0drUWEvbTlsejVYazdCenBBL2QKNTYyWDVEekw1V3BHZ0hyNk0ycmZzTDVENGxocDQvMkhtV3RaZTNycDBxM3FrQ2FXbXRKcVFoamJmdUZ4cExKRQpOaVNnU3BqejZGNWhENkJiYXFjU0dxTEdkbXVLNzdraEdBME1zbGRObmNkTllUcTVWV0xLYm0vSHNjSkJML0hwCk16L3QvVUdyZjZlNG5DNVZWU2gvUUhPeEd3c1ZkN1R3YXF4M0hqWkVYajFkNUdNK3F6Umd0UzBHWUFEejU5WlQKQ2VHNkxhNXpxQURCQm1kT1g3cWx0SXUrdUFaS2JkMHozSVZMTlcxV2I5QkNrcjdMOXB5MTBLQm1USG5yZ01qRgo0dnUxbm03Q0xqdGx3REliUU1UdWlsSlJvcTdmWHRrY2x0R1Qxazk2dkRkZVgrdXVMb1JjV0NPeEhWZ1R3M3J1CkdTc01WSUdpVmZRU1plZ2t0OCtMdDZxeENzYnc4QXJqbkZsTEZ2T2RXcm1kdGNVNzBLSHNjUGJ6V0FVcFRRMWoKdlZDUUpiZW1UaGlWS2V5ZTBlaE9xcU4xRjVNei9qU2c4bnkrNDNqVG5Kc25vKyt4YU9MVjdKRGZicUdvbENNbwpnYTNzdGtldWw0VDFwd1grejFQYSt4a0NBd0VBQWFOV01GUXdEZ1lEVlIwUEFRSC9CQVFEQWdXZ01CTUdBMVVkCkpRUU1NQW9HQ0NzR0FRVUZCd01DTUF3R0ExVWRFd0VCL3dRQ01BQXdId1lEVlIwakJCZ3dGb0FVeDRmLzVXNGUKTjVqdWxoL1dSaWVuOTVqRG5MUXdEUVlKS29aSWh2Y05BUUVMQlFBRGdnSUJBRXZoNGhxbTk0VnA5d200TXI4UQpPRTFPeTVuMTE2cGQ2TkdoY3dXTHNjSWVVSEJLRVY2K2M5UnpNc202eWFaZm0xekR5SFFFR3dpMVlJcXZmcjZHCmRUeElzMkl5Wk1lUnFQWjZYUkwzY1RDNEdyZlBsL2lYYzhWSkp2MXgzVHgvN1hDUFBpMG1CYnc0eFlUNTNCSWkKcTN0UDNab2JuRjdPRUtIMW1uZTdMVWtKRFhjVU5ZWG1EdVFXRWFEOU1OUVdUNUQrY21HZzBnQ21UOVptYWtkagovZWorMG0xWGorZy95OTFqdHhtb3pKejgweE9DVUdhOFI0Y2Evdmd2d215NDc1bTd6U3lWZFVXVFVJS0ZzTHBjCjdkRXpiOE91U0toTWtsVUhPRi9yNDN1OVEzQnllTmE2RjViYktJME4zM0E3b3kvWXdkYVNNcTY0OXhRcXBwMWcKRHFSZGg1Y2VGT01XOWUzZEVTMEE4ZzBLL1JWYkxoRzZ0NE05U29jQkJKNGtjWFl5UUZsU3NoNWhxNDNCVi9zVwp3Ty9XWk9lWXd2eWRNczFlS0luVDM2QUJMWHFQWEE1VWlJU1Qxa0IzTUcrd2JrRmtYNlZsMis1b3h6MkZLazd1CkRPTFQwMU53dldaZE41Snc2VFpNQnFMaXhUa3prK1ZySEFSN2pobUJWRDRmM3BDbmtpWmVjUVJoekVKb1dBc0cKRUc1cjNKeTBmMUJzMzZXMDVvRSs1RFhZRE5sL1E5cFo0Zi8zT0hrUzl1WmE0S21jWnNLWXJuNkdCVnBJUEtSawo5Q1VQUXVoTzlsTzZxcUZBckFiT3N2eVF0SFJmTVFLTllKTUNuOXNLWDVqMGZUTndLMUliMDlaK3NXeEZEQjc5CitWbE9pd0hiVUVHanlWUkhZYXhPbzdERQotLS0tLUVORCBDRVJUSUZJQ0FURS0tLS0tCg==\n    client-key-data: LS0tLS1CRUdJTiBSU0EgUFJJVkFURSBLRVktLS0tLQpNSUlKS0FJQkFBS0NBZ0VBeHB3VXFhK1pLS2lHMFVGVDZ4RHlGU0JDSW5VQjdyRTZ5VklXUmx1VXl6MnBJTkg4ClZ0dnJNZklUVEUrMUVQMGRmY0VjSFczYmJkQU1JcFhtQ2xiWGlvWEUvQXVWUEV2U1dXRmJyVW5lS3dJaDByOFcKVUtHSHEyZzE4aS9PQzlpbTc0US9jcXBuUlpDbDVtdmdJTWo4VkJ5Qkp1bEhyWE9XWlBkRHFRTmR1T1FhaUg2NQpDYzVEdjdpQVBTUzlTSUxxQ0drUWEvbTlsejVYazdCenBBL2Q1NjJYNUR6TDVXcEdnSHI2TTJyZnNMNUQ0bGhwCjQvMkhtV3RaZTNycDBxM3FrQ2FXbXRKcVFoamJmdUZ4cExKRU5pU2dTcGp6NkY1aEQ2QmJhcWNTR3FMR2RtdUsKNzdraEdBME1zbGRObmNkTllUcTVWV0xLYm0vSHNjSkJML0hwTXovdC9VR3JmNmU0bkM1VlZTaC9RSE94R3dzVgpkN1R3YXF4M0hqWkVYajFkNUdNK3F6Umd0UzBHWUFEejU5WlRDZUc2TGE1enFBREJCbWRPWDdxbHRJdSt1QVpLCmJkMHozSVZMTlcxV2I5QkNrcjdMOXB5MTBLQm1USG5yZ01qRjR2dTFubTdDTGp0bHdESWJRTVR1aWxKUm9xN2YKWHRrY2x0R1Qxazk2dkRkZVgrdXVMb1JjV0NPeEhWZ1R3M3J1R1NzTVZJR2lWZlFTWmVna3Q4K0x0NnF4Q3Nidwo4QXJqbkZsTEZ2T2RXcm1kdGNVNzBLSHNjUGJ6V0FVcFRRMWp2VkNRSmJlbVRoaVZLZXllMGVoT3FxTjFGNU16Ci9qU2c4bnkrNDNqVG5Kc25vKyt4YU9MVjdKRGZicUdvbENNb2dhM3N0a2V1bDRUMXB3WCt6MVBhK3hrQ0F3RUEKQVFLQ0FnQmM2a0F3Y2xvd3owYmpOckRQMUFtdElINVFLSFZTK2M4S3lFQnJnZ1RHWUg1elFFblJTT2xyWUZqdQo1b3RLKzErRXFZZEJyVmR1dEZvNUErK3UvcG12MEkwcmJTL1FHWmk2Ly9VbnlOc0xPK0FlL0E2d2dpRTZhM0p4CmJ6UHlEdFZxVUhCdWNKSUgxWGdIcUlnZVRtamQ0TWY3TUQrOFFjc21TUmQ2Um56ZU5yakRDcVgrbEdUVm1MZEYKNDU0NkFpVUM4a1FnZjZIVzArK2N4SHdWVU9iN3NCYlRUQzRIa2dTUnJ2YkdmMFZQSm5RVHZGRXR2RHBuNS9UZwo4OHZZS0UwSVMwVkNBUlo4L2F3U1c5NFNzdU4rZ1B3TWFpb1JsN1hJM2JobTJPcDdVNU9OYXhxQXRCZHJiUTkzCmo2aGNIQlZ6VzBuQlRJcHZ5Qk9nY2NTVmJaTXU5ckZIRWdOc2cxUGluVXYwRHl3N3NBb1YrZjF1cUJYbXp0azQKRCtwUENaUVV0d20zZVpIdFFWeGNRTnQwOFIzOFVqSDFNd3dGdWxxRFJVZEVCVnMzNE52Tjl5NU9PL0ZKeHR1egpndW5OMFEyWVc4RE9zYkNTZnVsSm93cVo4eDE2aS9lWEFOWU1sQWkyNjVtbFBiTTUza3V1dTVYaDdGaFNGQ3FWCnYzNlQ0RWVYR250STV3SDJkN1JQMVNETk9iOVcvZU40V0lIUmFVR2p4NHoxZ2NVN1laMWkrdHI5MjZROFlEWW0KSW1HRzloNmR6Vis4MzMxemJEUWN2OXdMRlh1Z1NTaE4yb3R3YnB0UjhDcDlLbGp5Z1Q5UTVrTDhNdEd6UjRtTApmTEs3ZzV5SVR6alFvOUR3cGNyenQxL1FmNHQ1T1NRbkN3QWxLdHpVSjBoSFhkcmNrUUtDQVFFQStiUmFrTWxsCmNlOFVNek9nQ1VwcWl1dllzN2ZjT051K2lIaUhxOEhUZGJGVHE5ci9qdnNHT0F4dFcweDJqVXJqTU5vQjhyanYKdy9hYkFVVkF4VVNWc2VSRVFQakx5eldIT3l3VWhlNDgyUGowRzF5NWczM0VsUmxjUmphTWFrL3pUdGl3SUdZawp1aFJiaWZHTUpxYklWVk5QaFk3bncrSXN3RUlDSllzVEoyMFcyei9ZL2xWWlNMY1JqbDlteVpLb05pUjUwWGRtClB1bDFIMFVINDdKbG1RUTk5RGVlb0UyWjFaV0R4ZDMwcWdvL2NvUG02Y0hCZ0h6NUNEdXZ1K2VMMU80RmxPeVIKRm1Ra2NCdWlsZUowWkhibjFRSit3TDY4UytlV2pZcFNMR0dDVDlUdjNsbEVrN0svdkZUR3MrbW9PaXBONUV5bAplRE55SnhoUWV1QWZFd0tDQVFFQXk1M3pPSWNBM3ZzbExadmVQaW9YUEEwLzV3MGNoaW1XMDNobTFxT01jMnEzCnN5a3JLdkpFamhoazA1em9MZXZSTUdmZnoxdUcvUGJLNjVOSHFvb2ZwdVBIdmtUL0lpRUZHUzRyNTFSSmxocEkKT1o0K1VEdUUyZDlhWDQ2alhQWm9HVENyY0VpZTZiWUlJK1pkOUZneGh0bUxZSlYwT2JiTndpQklYNXJkMy95VQpTem5XTUdjalB2TG5FaVFHK0laYUt5aGxJQm9GU25XZGNmOTVTclliMzIvbzE2OFBDQXJ3SkR3dldKRkRtTEtHCkJVRVljMUFaMHNlbnV2V2JDTklVWXVGS1hHMXVYd3FrVlpEdkZ1d1dmOFZiakhhKzlqQmhWTlo1UU85aFNvay8KRllQVmhycG9BZ1ZMTG9IdFRWaWdiNG9wdlZUckxaS2ZMV3F5dzdoR293S0NBUUVBMTRyNkhqN3FaWFhGVHdsQwpIS0x5NHVZQWtlbWtuQ1A3RFJ4VnFFcFFlU2hQbkdvVzdWbjhIVWVFNGlsWHNGRXpXWWpsNDVvRnhYZEtoOGM2CnlNMlNGaE4vWTBJZjBGSnRZQU9GMTdJMUxlbC85VnFOL0ZZRTZkc1JUcjVwYUorSTI4ZXFDTjJDMkdrWU56T2QKRWdRbnE1ZVZiaWxVSUQ5TTk4eEN4QnVQdGhteGdDSlY4ZnpFYkVNeVVWNUNnTDhxbWtuVUtaN1NVSDMvRHJYcwp3SHpPdkUzd0dLNG1MQ093SmJEQkpYeVpaR29pS0h4NVI5QnJjcmp0MGxDTE9qejk5QmhlRXhZOWkwRjRQcGxzCk44dFpReHRzdE85SmNLRjBNbVUvRFFDWVBCMFRla3ZKbm5vWit4Qng5MlNLZk9TMXhUZWRNdk9DWmdhcWc5cTIKSmNydXB3S0NBUUJjTm53ZjdZUUhkOVd1Z2hoMExydTNCb2thS21Yd25JVWg0RFV5bjM3TUJsaUxXdW1oMlhZUwpwQm1GZkZucDhoSWF5ZkFpQ0dGcHpwcTNkVXZQZ0I0MWhwSy9LS0FpNUxGYVpmNmNGUi8rU29qTEQwOUpKcXRUCndFTTlZMnU0Zmg5R3lUUGE5Z2lCNzE1Z1k4UEpGT2ZaR2t4MHdUcVJxS2dtY2xoVWM5NW53Z3VteGRxcXNRclYKUjB3K2V2SnRPdXM3QUdCTDJYenI2N2dTR0pEbHRQT0tqVFAxK2VIazBvOU8yYkxYZVhJVGhVWU11eDVIbXM4WApGalJ3QnlyZkk4VDN3dS9hUy9UZ05nR1dmcnpJdE1LN3VyVnJONXZrQXFVUnRzL1RDSllYRzNEbVhYNG1OZVZFCmhRRTNYc0FKZDBteE9mRU5QWmdFVzVLYkR1ZEdtLzNoQW9JQkFIZzBqQ054TlEyamZ6bnBiY05uRzI0Z2hZNmkKd3ZyMG0zakZmOVlJMUJiMmhDdUU2blc0TGZ5ZVdGcTMyWkM1VVptUWxqWU94NXVTT2VYYVpDc0d5b0JuakFhcgp2OVd4dWtTa1NEd0RQVm1FektCczJDYVpHb0FwaUJxK0RvNWd1VEpCZitSbWI2WXFBMjhUeHg1SStCbFJicTRECkhUYkNYVjQwRVNLQ21tL0JrMVM5MXlJMVhnNjZkOEc5S2J6L0tRdWYrMHNacU5KRnhMQm9LZnFHd292Y3ArTXkKUG1oQ2hOMlNnVVI1TTV1bGxYZlJjRDdCRUFEQXdheWp4ZXFLTnpVUWsvV0Y2NmM4OFl2N3Y5aWRUcm9LYXJxYgo4OXlOVkVkV3hnb3VKRW0ycnNzNzRpYTBRRDJVRTRBZVNlVnZIdWxENmFYU2ZUeFV3MFVCOGJxcHNiWT0KLS0tLS1FTkQgUlNBIFBSSVZBVEUgS0VZLS0tLS0K\n    token: kbqnk913mst76ydr3fva8v432hung4fl3fahhwivfi3mvxo54gq6al8xh042za14tt3bnxeo0j6sneo992rjxaa0mbtfjdu13qtiqwcqvd00lwr6244h11g0jwwm3mgm\n",
            "kubelet_identity": [
              {
                "client_id": "6e050800-4536-43a2-97ea-6018c2e83b5c",
                "object_id": "20d110f3-62c3-4b0b-8486-1cf702ac9889",
                "user_assigned_identity_id": "/subscriptions/6fb1fdac-61ae-423c-bbd9-e4a355f030ec/resourceGroups/MC_sk-dev-rg_sk-dev-aks_northeurope/providers/Microsoft.ManagedIdentity/userAssignedIdentities/sk-dev-aks-agentpool"
              }
            ],
            "kubernetes_version": "1.33",
            "linux_profile": [],
            "local_account_disabled": false,
            "location": "northeurope",
            "maintenance_window": [],
            "maintenance_window_auto_upgrade": [],
            "maintenance_window_node_os": [],
            "microsoft_defender": [],
            "monitor_metrics": [],
            "name": "sk-dev-aks",
            "network_profile": [
              {
                "advanced_networking": [],
                "dns_service_ip": "10.0.0.10",
                "ip_versions": [
                  "IPv4"
                ],
                "load_balancer_profile": [
                  {
                    "backend_pool_type": "NodeIPConfiguration",
                    "effective_outbound_ips": [
                      "/subscriptions/6fb1fdac-61ae-423c-bbd9-e4a355f030ec/resourceGroups/MC_sk-dev-rg_sk-dev-aks_northeurope/providers/Microsoft.Network/publicIPAddresses/0c55837f-d187-4b43-b140-57f5def33aec"
                    ],
                    "idle_timeout_in_minutes": 0,
                    "managed_outbound_ip_count": 1,
                    "managed_outbound_ipv6_count": 0,
                    "outbound_ip_address_ids": [],
                    "outbound_ip_prefix_ids": [],
                    "outbound_ports_allocated": 0
                  }
                ],
                "load_balancer_sku": "standard",
                "nat_gateway_profile": [],
                "network_data_plane": "azure",
                "network_mode": "",
                "network_plugin": "azure",
                "network_plugin_mode": "overlay",
                "network_policy": "",
                "outbound_type": "loadBalancer",
                "pod_cidr": "10.244.0.0/16",
                "pod_cidrs": [
                  "10.244.0.0/16"
                ],
                "service_cidr": "10.0.0.0/16",
                "service_cidrs": [
                  "10.0.0.0/16"
                ]
              }
            ],
            "node_os_upgrade_channel": "NodeImage",
            "node_provisioning_profile": [
              {
                "default_node_pools": "Auto",
                "mode": "Manual"
              }
            ],
            "node_resource_group": "MC_sk-dev-rg_sk-dev-aks_northeurope",
            "node_resource_group_id": "/subscriptions/6fb1fdac-61ae-423c-bbd9-e4a355f030ec/resourceGroups/MC_sk-dev-rg_sk-dev-aks_northeurope",
            "oidc_issuer_enabled": false,
            "oidc_issuer_url": "",
            "oms_agent": [],
            "open_service_mesh_enabled": false,
            "portal_fqdn": "sk-dev-dns-5t5sj6nl.portal.hcp.northeurope.azmk8s.io",
            "private_cluster_enabled": false,
            "private_cluster_public_fqdn_enabled": false,
            "private_dns_zone_id": "",
            "private_fqdn": "",
            "resource_group_name": "sk-dev-rg",
            "role_based_access_control_enabled": true,
            "run_command_enabled": true,
            "service_mesh_profile": [],
            "service_principal": [],
            "sku_tier": "Free",
            "storage_profile": [],
            "support_plan": "KubernetesOfficial",
            "tags": {},
            "timeouts": null,
            "upgrade_override": [],
            "web_app_routing": [],
            "windows_profile": [],
            "workload_autoscaler_profile": [],
            "workload_identity_enabled": false
          },
          "sensitive_attributes": [
            [
              {
                "type": "get_attr",
                "value": "kube_admin_config"
              }
            ],
            [
              {
                "type": "get_attr",
                "value": "kube_config"
              }
            ],
            [
              {
                "type": "get_attr",
                "value": "kube_admin_config_raw"
              }
            ],
            [
              {
                "type": "get_attr",
                "value": "kube_config_raw"
              }
            ]
          ],
          "private": "eyJlMmJmYjczMC1lY2FhLTExZTYtOGY4OC0zNDM2M2JjN2M0YzAiOnsiY3JlYXRlIjo1NDAwMDAwMDAwMDAwLCJkZWxldGUiOjU0MDAwMDAwMDAwMDAsInJlYWQiOjMwMDAwMDAwMDAwMCwidXBkYXRlIjo1NDAwMDAwMDAwMDAwfSwic2NoZW1hX3ZlcnNpb24iOiIyIn0=",
          "dependencies": [
            "module.rg.azurerm_resource_group.rg"
          ]
        }
      ]
    },
    {
      "module": "module.compute",
      "mode": "managed",
      "type": "azurerm_linux_virtual_machine",
      "name": "docker",
      "provider": "provider[\"registry.terraform.io/hashicorp/azurerm\"]",
      "instances": [
        {
          "index_key": 0,
          "schema_version": 0,
          "attributes": {
            "additional_capabilities": [],
            "admin_password": null,
            "admin_ssh_key": [
              {
                "public_key": "ssh-ed25519 AAAAC3NzaC1lZDI1NTE5AAAAIJpuCzqJ9ZMt13Hf1F8ZKIGxcXtpSeI3X7IMWUbmSlSA crud-demo-vm",
                "username": "vinadmin"
              }
            ],
            "admin_username": "vinadmin",
            "allow_extension_operations": true,
            "availability_set_id": "",
            "boot_diagnostics": [],
            "bypass_platform_safety_checks_on_user_schedule_enabled": false,
            "capacity_reservation_group_id": "",
            "computer_name": "sk-dev-docker",
            "custom_data": null,
            "dedicated_host_group_id": "",
            "dedicated_host_id": "",
            "disable_password_authentication": true,
            "disk_controller_type": "",
            "edge_zone": "",
            "encryption_at_host_enabled": false,
            "eviction_policy": "",
            "extensions_time_budget": "PT1H30M",
            "gallery_application": [],
            "id": "/subscriptions/6fb1fdac-61ae-423c-bbd9-e4a355f030ec/resourceGroups/sk-dev-rg/providers/Microsoft.Compute/virtualMachines/sk-dev-docker",
            "identity": [],
            "license_type": "",
            "location": "northeurope",
            "max_bid_price": -1,
            "name": "sk-dev-docker",
            "network_interface_ids": [
              "/subscriptions/6fb1fdac-61ae-423c-bbd9-e4a355f030ec/resourceGroups/sk-dev-rg/providers/Microsoft.Network/networkInterfaces/sk-dev-docker-nic"
            ],
            "os_disk": [
              {
                "caching": "ReadWrite",
                "diff_disk_settings": [],
                "disk_encryption_set_id": "",
                "disk_size_gb": 30,
                "id": "/subscriptions/6fb1fdac-61ae-423c-bbd9-e4a355f030ec/resourceGroups/sk-dev-rg/providers/Microsoft.Compute/disks/sk-dev-docker_disk1_66196f868a8548d68fc8c5fe56382073",
                "name": "sk-dev-docker_disk1_66196f868a8548d68fc8c5fe56382073",
                "secure_vm_disk_encryption_set_id": "",
                "security_encryption_type": "",
                "storage_account_type": "Standard_LRS",
                "write_accelerator_enabled": false
              }
            ],
            "os_image_notification": [],
            "os_managed_disk_id": "/subscriptions/6fb1fdac-61ae-423c-bbd9-e4a355f030ec/resourceGroups/sk-dev-rg/providers/Microsoft.Compute/disks/sk-dev-docker_disk1_66196f868a8548d68fc8c5fe56382073",
            "patch_assessment_mode": "ImageDefault",
            "patch_mode": "ImageDefault",
            "plan": [],
            "platform_fault_domain": -1,
            "priority": "Regular",
            "private_ip_address": "10.10.1.4",
            "private_ip_addresses": [
              "10.10.1.4"
            ],
            "provision_vm_agent": true,
            "proximity_placement_group_id": "",
            "public_ip_address": "20.223.204.151",
            "public_ip_addresses": [
              "20.223.204.151"
            ],
            "reboot_setting": "",
            "resource_group_name": "sk-dev-rg",
            "secret": [],
            "secure_boot_enabled": false,
            "size": "Standard_B2s",
            "source_image_id": "",
            "source_image_reference": [
              {
                "offer": "0001-com-ubuntu-server-jammy",
                "publisher": "Canonical",
                "sku": "22_04-lts",
                "version": "latest"
              }
            ],
            "tags": {},
            "termination_notification": [],
            "timeouts": null,
            "user_data": "",
            "virtual_machine_id": "3193772b-4072-4e44-afaf-3a8c9f5bdeed",
            "virtual_machine_scale_set_id": "",
            "vm_agent_platform_updates_enabled": false,
            "vtpm_enabled": false,
            "zone": ""
          },
          "sensitive_attributes": [
            [
              {
                "type": "get_attr",
                "value": "custom_data"
              }
            ],
            [
              {
                "type": "get_attr",
                "value": "admin_password"
              }
            ]
          ],
          "private": "eyJlMmJmYjczMC1lY2FhLTExZTYtOGY4OC0zNDM2M2JjN2M0YzAiOnsiY3JlYXRlIjoyNzAwMDAwMDAwMDAwLCJkZWxldGUiOjI3MDAwMDAwMDAwMDAsInJlYWQiOjMwMDAwMDAwMDAwMCwidXBkYXRlIjoyNzAwMDAwMDAwMDAwfX0=",
          "dependencies": [
            "module.compute.azurerm_network_interface.docker_nic",
            "module.compute.azurerm_public_ip.docker_pip",
            "module.network.azurerm_subnet.subnet_app",
            "module.network.azurerm_virtual_network.vnet",
            "module.rg.azurerm_resource_group.rg"
          ]
        }
      ]
    },
    {
      "module": "module.compute",
      "mode": "managed",
      "type": "azurerm_network_interface",
      "name": "docker_nic",
      "provider": "provider[\"registry.terraform.io/hashicorp/azurerm\"]",
      "instances": [
        {
          "index_key": 0,
          "schema_version": 0,
          "attributes": {
            "accelerated_networking_enabled": false,
            "applied_dns_servers": [],
            "auxiliary_mode": "",
            "auxiliary_sku": "",
            "dns_servers": [],
            "edge_zone": "",
            "id": "/subscriptions/6fb1fdac-61ae-423c-bbd9-e4a355f030ec/resourceGroups/sk-dev-rg/providers/Microsoft.Network/networkInterfaces/sk-dev-docker-nic",
            "internal_dns_name_label": "",
            "internal_domain_name_suffix": "pl5gksmtnjne1jp2j0xvjpl2tf.fx.internal.cloudapp.net",
            "ip_configuration": [
              {
                "gateway_load_balancer_frontend_ip_configuration_id": "",
                "name": "ipcfg",
                "primary": true,
                "private_ip_address": "10.10.1.4",
                "private_ip_address_allocation": "Dynamic",
                "private_ip_address_version": "IPv4",
                "public_ip_address_id": "/subscriptions/6fb1fdac-61ae-423c-bbd9-e4a355f030ec/resourceGroups/sk-dev-rg/providers/Microsoft.Network/publicIPAddresses/sk-dev-docker-pip",
                "subnet_id": "/subscriptions/6fb1fdac-61ae-423c-bbd9-e4a355f030ec/resourceGroups/sk-dev-rg/providers/Microsoft.Network/virtualNetworks/sk-dev-vnet/subnets/app"
              }
            ],
            "ip_forwarding_enabled": false,
            "location": "northeurope",
            "mac_address": "00-0D-3A-DD-FC-A2",
            "name": "sk-dev-docker-nic",
            "private_ip_address": "10.10.1.4",
            "private_ip_addresses": [
              "10.10.1.4"
            ],
            "resource_group_name": "sk-dev-rg",
            "tags": {},
            "timeouts": null,
            "virtual_machine_id": "/subscriptions/6fb1fdac-61ae-423c-bbd9-e4a355f030ec/resourceGroups/sk-dev-rg/providers/Microsoft.Compute/virtualMachines/sk-dev-docker"
          },
          "sensitive_attributes": [],
          "private": "eyJlMmJmYjczMC1lY2FhLTExZTYtOGY4OC0zNDM2M2JjN2M0YzAiOnsiY3JlYXRlIjoxODAwMDAwMDAwMDAwLCJkZWxldGUiOjE4MDAwMDAwMDAwMDAsInJlYWQiOjMwMDAwMDAwMDAwMCwidXBkYXRlIjoxODAwMDAwMDAwMDAwfX0=",
          "dependencies": [
            "module.compute.azurerm_public_ip.docker_pip",
            "module.network.azurerm_subnet.subnet_app",
            "module.network.azurerm_virtual_network.vnet",
            "module.rg.azurerm_resource_group.rg"
          ]
        }
      ]
    },
    {
      "module": "module.compute",
      "mode": "managed",
      "type": "azurerm_public_ip",
      "name": "docker_pip",
      "provider": "provider[\"registry.terraform.io/hashicorp/azurerm\"]",
      "instances": [
        {
          "index_key": 0,
          "schema_version": 0,
          "attributes": {
            "allocation_method": "Static",
            "ddos_protection_mode": "VirtualNetworkInherited",
            "ddos_protection_plan_id": null,
            "domain_name_label": null,
            "domain_name_label_scope": null,
            "edge_zone": "",
            "fqdn": null,
            "id": "/subscriptions/6fb1fdac-61ae-423c-bbd9-e4a355f030ec/resourceGroups/sk-dev-rg/providers/Microsoft.Network/publicIPAddresses/sk-dev-docker-pip",
            "idle_timeout_in_minutes": 4,
            "ip_address": "20.223.204.151",
            "ip_tags": {},
            "ip_version": "IPv4",
            "location": "northeurope",
            "name": "sk-dev-docker-pip",
            "public_ip_prefix_id": null,
            "resource_group_name": "sk-dev-rg",
            "reverse_fqdn": null,
            "sku": "Standard",
            "sku_tier": "Regional",
            "tags": {},
            "timeouts": null,
            "zones": []
          },
          "sensitive_attributes": [],
          "private": "eyJlMmJmYjczMC1lY2FhLTExZTYtOGY4OC0zNDM2M2JjN2M0YzAiOnsiY3JlYXRlIjoxODAwMDAwMDAwMDAwLCJkZWxldGUiOjE4MDAwMDAwMDAwMDAsInJlYWQiOjMwMDAwMDAwMDAwMCwidXBkYXRlIjoxODAwMDAwMDAwMDAwfX0=",
          "dependencies": [
            "module.rg.azurerm_resource_group.rg"
          ]
        }
      ]
    },
    {
      "module": "module.kv",
      "mode": "managed",
      "type": "azurerm_key_vault",
      "name": "kv",
      "provider": "provider[\"registry.terraform.io/hashicorp/azurerm\"]",
      "instances": [
        {
          "schema_version": 2,
          "attributes": {
            "access_policy": [],
            "contact": [],
            "enable_rbac_authorization": true,
            "enabled_for_deployment": false,
            "enabled_for_disk_encryption": false,
            "enabled_for_template_deployment": false,
            "id": "/subscriptions/6fb1fdac-61ae-423c-bbd9-e4a355f030ec/resourceGroups/sk-dev-rg/providers/Microsoft.KeyVault/vaults/skdevkv",
            "location": "northeurope",
            "name": "skdevkv",
            "network_acls": [
              {
                "bypass": "AzureServices",
                "default_action": "Allow",
                "ip_rules": [],
                "virtual_network_subnet_ids": []
              }
            ],
            "public_network_access_enabled": true,
            "purge_protection_enabled": true,
            "rbac_authorization_enabled": true,
            "resource_group_name": "sk-dev-rg",
            "sku_name": "standard",
            "soft_delete_retention_days": 7,
            "tags": {},
            "tenant_id": "ec7789f0-7ef2-4ff6-89b1-a74d3fc8f81c",
            "timeouts": null,
            "vault_uri": "https://skdevkv.vault.azure.net/"
          },
          "sensitive_attributes": [],
          "private": "eyJlMmJmYjczMC1lY2FhLTExZTYtOGY4OC0zNDM2M2JjN2M0YzAiOnsiY3JlYXRlIjoxODAwMDAwMDAwMDAwLCJkZWxldGUiOjE4MDAwMDAwMDAwMDAsInJlYWQiOjMwMDAwMDAwMDAwMCwidXBkYXRlIjoxODAwMDAwMDAwMDAwfSwic2NoZW1hX3ZlcnNpb24iOiIyIn0=",
          "dependencies": [
            "module.rg.azurerm_resource_group.rg"
          ]
        }
      ]
    },
    {
      "module": "module.monitoring",
      "mode": "managed",
      "type": "azurerm_log_analytics_workspace",
      "name": "law",
      "provider": "provider[\"registry.terraform.io/hashicorp/azurerm\"]",
      "instances": [
        {
          "schema_version": 3,
          "attributes": {
            "allow_resource_only_permissions": true,
            "cmk_for_query_forced": false,
            "daily_quota_gb": -1,
            "data_collection_rule_id": "",
            "id": "/subscriptions/6fb1fdac-61ae-423c-bbd9-e4a355f030ec/resourceGroups/sk-dev-rg/providers/Microsoft.OperationalInsights/workspaces/sk-dev-law",
            "identity": [],
            "immediate_data_purge_on_30_days_enabled": false,
            "internet_ingestion_enabled": true,
            "internet_query_enabled": true,
            "local_authentication_disabled": false,
            "local_authentication_enabled": true,
            "location": "northeurope",
            "name": "sk-dev-law",
            "primary_shared_key": "LMJmjor6Cq8in1Gp/3gwbdpQ1mZ+owzgWbKPC8kyBePDD57IJEYCUmW2BQBRLTb+ON9OxVJ4gnZ0Bv9rmDUZtg==",
            "reservation_capacity_in_gb_per_day": null,
            "resource_group_name": "sk-dev-rg",
            "retention_in_days": 30,
            "secondary_shared_key": "0vaCx9WNfP3pyonXnVbvASsVEipyZCptZRAU2o9jAUoc8tkmE1Uvrfn3SEdRxfFg2riUMBkxeMJeylQm7MC7hA==",
            "sku": "PerGB2018",
            "tags": {},
            "timeouts": null,
            "workspace_id": "c1e8e2ce-49e6-4ca7-96c3-8fe4d2ae6eb0"
          },
          "sensitive_attributes": [
            [
              {
                "type": "get_attr",
                "value": "secondary_shared_key"
              }
            ],
            [
              {
                "type": "get_attr",
                "value": "primary_shared_key"
              }
            ]
          ],
          "private": "eyJlMmJmYjczMC1lY2FhLTExZTYtOGY4OC0zNDM2M2JjN2M0YzAiOnsiY3JlYXRlIjoxODAwMDAwMDAwMDAwLCJkZWxldGUiOjE4MDAwMDAwMDAwMDAsInJlYWQiOjMwMDAwMDAwMDAwMCwidXBkYXRlIjoxODAwMDAwMDAwMDAwfSwic2NoZW1hX3ZlcnNpb24iOiIzIn0=",
          "dependencies": [
            "module.rg.azurerm_resource_group.rg"
          ]
        }
      ]
    },
    {
      "module": "module.network",
      "mode": "managed",
      "type": "azurerm_subnet",
      "name": "subnet_app",
      "provider": "provider[\"registry.terraform.io/hashicorp/azurerm\"]",
      "instances": [
        {
          "schema_version": 0,
          "attributes": {
            "address_prefixes": [
              "10.10.1.0/24"
            ],
            "default_outbound_access_enabled": true,
            "delegation": [],
            "id": "/subscriptions/6fb1fdac-61ae-423c-bbd9-e4a355f030ec/resourceGroups/sk-dev-rg/providers/Microsoft.Network/virtualNetworks/sk-dev-vnet/subnets/app",
            "ip_address_pool": [],
            "name": "app",
            "private_endpoint_network_policies": "Disabled",
            "private_link_service_network_policies_enabled": true,
            "resource_group_name": "sk-dev-rg",
            "service_endpoint_policy_ids": [],
            "service_endpoints": [],
            "sharing_scope": "",
            "timeouts": null,
            "virtual_network_name": "sk-dev-vnet"
          },
          "sensitive_attributes": [],
          "private": "eyJlMmJmYjczMC1lY2FhLTExZTYtOGY4OC0zNDM2M2JjN2M0YzAiOnsiY3JlYXRlIjoxODAwMDAwMDAwMDAwLCJkZWxldGUiOjE4MDAwMDAwMDAwMDAsInJlYWQiOjMwMDAwMDAwMDAwMCwidXBkYXRlIjoxODAwMDAwMDAwMDAwfX0=",
          "dependencies": [
            "module.network.azurerm_virtual_network.vnet",
            "module.rg.azurerm_resource_group.rg"
          ]
        }
      ]
    },
    {
      "module": "module.network",
      "mode": "managed",
      "type": "azurerm_virtual_network",
      "name": "vnet",
      "provider": "provider[\"registry.terraform.io/hashicorp/azurerm\"]",
      "instances": [
        {
          "schema_version": 0,
          "attributes": {
            "address_space": [
              "10.10.0.0/16"
            ],
            "bgp_community": "",
            "ddos_protection_plan": [],
            "dns_servers": [],
            "edge_zone": "",
            "encryption": [],
            "flow_timeout_in_minutes": 0,
            "guid": "4965fe7a-6a93-4d5a-a5fc-4eaf54bd7c9d",
            "id": "/subscriptions/6fb1fdac-61ae-423c-bbd9-e4a355f030ec/resourceGroups/sk-dev-rg/providers/Microsoft.Network/virtualNetworks/sk-dev-vnet",
            "ip_address_pool": [],
            "location": "northeurope",
            "name": "sk-dev-vnet",
            "private_endpoint_vnet_policies": "Disabled",
            "resource_group_name": "sk-dev-rg",
            "subnet": [
              {
                "address_prefixes": [
                  "10.10.1.0/24"
                ],
                "default_outbound_access_enabled": true,
                "delegation": [],
                "id": "/subscriptions/6fb1fdac-61ae-423c-bbd9-e4a355f030ec/resourceGroups/sk-dev-rg/providers/Microsoft.Network/virtualNetworks/sk-dev-vnet/subnets/app",
                "name": "app",
                "private_endpoint_network_policies": "Disabled",
                "private_link_service_network_policies_enabled": true,
                "route_table_id": "",
                "security_group": "",
                "service_endpoint_policy_ids": [],
                "service_endpoints": []
              }
            ],
            "tags": {},
            "timeouts": null
          },
          "sensitive_attributes": [],
          "private": "eyJlMmJmYjczMC1lY2FhLTExZTYtOGY4OC0zNDM2M2JjN2M0YzAiOnsiY3JlYXRlIjoxODAwMDAwMDAwMDAwLCJkZWxldGUiOjE4MDAwMDAwMDAwMDAsInJlYWQiOjMwMDAwMDAwMDAwMCwidXBkYXRlIjoxODAwMDAwMDAwMDAwfX0=",
          "dependencies": [
            "module.rg.azurerm_resource_group.rg"
          ]
        }
      ]
    },
    {
      "module": "module.rg",
      "mode": "managed",
      "type": "azurerm_resource_group",
      "name": "rg",
      "provider": "provider[\"registry.terraform.io/hashicorp/azurerm\"]",
      "instances": [
        {
          "schema_version": 0,
          "attributes": {
            "id": "/subscriptions/6fb1fdac-61ae-423c-bbd9-e4a355f030ec/resourceGroups/sk-dev-rg",
            "location": "northeurope",
            "managed_by": "",
            "name": "sk-dev-rg",
            "tags": {},
            "timeouts": null
          },
          "sensitive_attributes": [],
          "private": "eyJlMmJmYjczMC1lY2FhLTExZTYtOGY4OC0zNDM2M2JjN2M0YzAiOnsiY3JlYXRlIjo1NDAwMDAwMDAwMDAwLCJkZWxldGUiOjU0MDAwMDAwMDAwMDAsInJlYWQiOjMwMDAwMDAwMDAwMCwidXBkYXRlIjo1NDAwMDAwMDAwMDAwfX0="
        }
      ]
    }
  ],
  "check_results": null
}
